
Microsoft Visual Studio Solution File, Format Version 12.00
# Visual Studio 2012
Project("{FAE04EC0-301F-11D3-BF4B-00C04F79EFBC}") = "Projects.Tool", "Projects.Tool\Projects.Tool.csproj", "{188AABA2-82FD-4899-B537-4D49E80ABE0C}"
EndProject
Project("{FAE04EC0-301F-11D3-BF4B-00C04F79EFBC}") = "Projects.Accesses", "Projects.Access\Projects.Accesses.csproj", "{63BC8A7D-9A63-4C8A-A094-0EF8A1B651D6}"
EndProject
Project("{FAE04EC0-301F-11D3-BF4B-00C04F79EFBC}") = "Projects.Framework", "Projects.Framework\Projects.Framework.csproj", "{0352CD0D-6487-45F2-AC4B-D566B8001631}"
EndProject
Project("{FAE04EC0-301F-11D3-BF4B-00C04F79EFBC}") = "Projects.Mapping", "Projects.Mapping\Projects.Mapping.csproj", "{15C80E60-2717-4BB0-8A35-A41A833E1C91}"
EndProject
Project("{FAE04EC0-301F-11D3-BF4B-00C04F79EFBC}") = "Projects.Framework.Web", "Projects.Mvc\Projects.Framework.Web.csproj", "{C6A6AEE8-A78E-48AE-9E9F-C8354456D84B}"
EndProject
Project("{FAE04EC0-301F-11D3-BF4B-00C04F79EFBC}") = "Projects.Purviews", "Projects.Purviews\Projects.Purviews.csproj", "{59D3663C-CC15-4660-A931-6CC05EE5A4BC}"
EndProject
Project("{FAE04EC0-301F-11D3-BF4B-00C04F79EFBC}") = "Projects.Purviews.Client", "Projects.Purviews.Client\Projects.Purviews.Client.csproj", "{92646163-5C72-493B-A816-6E45B6DEFF9D}"
EndProject
Project("{FAE04EC0-301F-11D3-BF4B-00C04F79EFBC}") = "Projects.Repository.Purviews", "Projects.Repositories\Projects.Repository.Purviews.csproj", "{C8CB12EF-B56A-4D46-8B58-96D7AA7A8A93}"
EndProject
Project("{FAE04EC0-301F-11D3-BF4B-00C04F79EFBC}") = "Projects.Tool.Log4NetProvider", "Projects.Tool.Log4NetProvider\Projects.Tool.Log4NetProvider.csproj", "{6F777998-863C-4F94-B578-099C54590B45}"
EndProject
Project("{FAE04EC0-301F-11D3-BF4B-00C04F79EFBC}") = "Projects.Tool.WeblogProvider", "Projects.Tool.WeblogProvider\Projects.Tool.WeblogProvider.csproj", "{600CBFEC-4F21-4CB1-9E7C-CC28309E8525}"
EndProject
Project("{FAE04EC0-301F-11D3-BF4B-00C04F79EFBC}") = "Warehouse.DataOperator", "Warehouses\Warehouse.DataOperator\Warehouse.DataOperator.csproj", "{EF4FF961-EB7B-4CAF-AA2D-46444D263F4B}"
EndProject
Project("{F088123C-0E9E-452A-89E6-6BA2F21D5CAC}") = "Warehouse.Design", "Warehouses\Warehouse.Design\Warehouse.Design.modelproj", "{6AE81496-C67F-4B0C-86A9-3D44CA5CF600}"
EndProject
Project("{FAE04EC0-301F-11D3-BF4B-00C04F79EFBC}") = "Warehouse.StoragePolicy", "Warehouses\Warehouse.StoragePolicy\Warehouse.StoragePolicy.csproj", "{554CA3D0-41A6-4E70-9F43-6688D6162CD5}"
EndProject
Project("{FAE04EC0-301F-11D3-BF4B-00C04F79EFBC}") = "Warehouse.Utility", "Warehouses\Warehouse.Utility\Warehouse.Utility.csproj", "{109F6C54-1FAC-49A5-90B7-4612C4D82953}"
EndProject
Project("{2150E333-8FDC-42A3-9474-1A3956D46DE8}") = "00.Design", "00.Design", "{B9205794-6E1E-443E-BDBB-1AC7FBE60462}"
EndProject
Project("{2150E333-8FDC-42A3-9474-1A3956D46DE8}") = "01.Tools", "01.Tools", "{A76C0542-826A-4278-8798-62C80BD19FB4}"
EndProject
Project("{2150E333-8FDC-42A3-9474-1A3956D46DE8}") = "02.Purviews", "02.Purviews", "{FE0DB9C1-431F-456B-BDFB-D9E95AA62CE7}"
EndProject
Project("{2150E333-8FDC-42A3-9474-1A3956D46DE8}") = "03.Web", "03.Web", "{06F203D4-BD28-48FB-835A-6EE9636A4368}"
EndProject
Project("{2150E333-8FDC-42A3-9474-1A3956D46DE8}") = "04.Access", "04.Access", "{74B0CB81-685F-4B6B-B057-673865DB3734}"
EndProject
Project("{2150E333-8FDC-42A3-9474-1A3956D46DE8}") = "05.Warehouse", "05.Warehouse", "{22D41A59-D32F-4EDF-8458-483D92F3C83D}"
EndProject
Project("{FAE04EC0-301F-11D3-BF4B-00C04F79EFBC}") = "Warehouse.Settings", "Warehouses\Warehouse.Settings\Warehouse.Settings.csproj", "{FCFB22D4-AACC-4EC3-8E95-80F3F8FB1EBE}"
EndProject
Project("{FAE04EC0-301F-11D3-BF4B-00C04F79EFBC}") = "Projects.Repository", "Projects.Repository\Projects.Repository.csproj", "{A0B39A9E-3D55-4FE4-87FF-4E1B5C11444C}"
EndProject
Project("{2150E333-8FDC-42A3-9474-1A3956D46DE8}") = "99.Test", "99.Test", "{2B424D00-7BC7-4E8B-B66B-D27B3B7D7975}"
EndProject
Project("{FAE04EC0-301F-11D3-BF4B-00C04F79EFBC}") = "Warehouse.RecordProcessor", "Warehouse.RecordProcessor\Warehouse.RecordProcessor.csproj", "{28FF9C5E-9180-4C73-B5EE-D516B4D1835F}"
EndProject
Project("{FAE04EC0-301F-11D3-BF4B-00C04F79EFBC}") = "Projects.Tool.RedisProvider", "Projects.Tool.RedisProvider\Projects.Tool.RedisProvider.csproj", "{45845BCF-0354-45BB-B12D-FD4B368FE2CB}"
EndProject
Project("{2150E333-8FDC-42A3-9474-1A3956D46DE8}") = "98.Demo", "98.Demo", "{C245A2DD-7AF9-462D-81CF-3322943F3B9A}"
EndProject
Project("{FAE04EC0-301F-11D3-BF4B-00C04F79EFBC}") = "Projects.Demo.Repository", "Projects.Demo.Repository\Projects.Demo.Repository.csproj", "{146DAA88-0FF1-47BC-814C-265CD1797FBD}"
EndProject
Project("{FAE04EC0-301F-11D3-BF4B-00C04F79EFBC}") = "Projects.Demo.Business", "Projects.Demo.Business\Projects.Demo.Business.csproj", "{CCA493D4-9D6D-4B89-B24F-358DFDF68D24}"
EndProject
Project("{FAE04EC0-301F-11D3-BF4B-00C04F79EFBC}") = "WebTester", "WebTester\WebTester.csproj", "{05AB0CD6-7DCA-4263-B6D7-89BFAA81DC02}"
EndProject
Project("{FAE04EC0-301F-11D3-BF4B-00C04F79EFBC}") = "Projects.Framework.OAuth2", "Projects.Framework.OAuth2\Projects.Framework.OAuth2.csproj", "{CB5729D8-00F8-45EA-B3DC-334D1037A275}"
EndProject
Project("{2150E333-8FDC-42A3-9474-1A3956D46DE8}") = "06.Repositories", "06.Repositories", "{73EAA68D-559B-4FC7-BD8F-59C638618607}"
EndProject
Project("{FAE04EC0-301F-11D3-BF4B-00C04F79EFBC}") = "Projects.Repository.OAuth2", "Projects.Repository.OAuth2\Projects.Repository.OAuth2.csproj", "{A834741E-02B6-423F-B8FD-1A4AA18D59B9}"
EndProject
Project("{2150E333-8FDC-42A3-9474-1A3956D46DE8}") = "07.OAuth", "07.OAuth", "{6768DA50-53FD-4B98-8E25-511A131B5B84}"
EndProject
Project("{FAE04EC0-301F-11D3-BF4B-00C04F79EFBC}") = "Projects.Repository.OAuth", "Projects.Repository.OAuth\Projects.Repository.OAuth.csproj", "{3D9CB39C-5850-4AB8-8359-410318389697}"
EndProject
Project("{FAE04EC0-301F-11D3-BF4B-00C04F79EFBC}") = "Projects.OAuth", "Projects.OAuth\Projects.OAuth.csproj", "{F61BD559-7EE2-4D86-AC50-DBA0C42335C7}"
EndProject
Project("{2150E333-8FDC-42A3-9474-1A3956D46DE8}") = "08.UCenter", "08.UCenter", "{B9225F24-0897-4B8B-A77E-4F5ED959929C}"
EndProject
Project("{FAE04EC0-301F-11D3-BF4B-00C04F79EFBC}") = "Projects.UserCenter", "Projects.UserCenter\Projects.UserCenter.csproj", "{84A33FE4-7089-47FC-9C46-E71FDD6A3D77}"
EndProject
Project("{FAE04EC0-301F-11D3-BF4B-00C04F79EFBC}") = "Projects.Repository.UCenter", "Projects.Repository.UCenter\Projects.Repository.UCenter.csproj", "{9161C8FB-CBAB-42F5-B739-F91679DDBA39}"
EndProject
Project("{FAE04EC0-301F-11D3-BF4B-00C04F79EFBC}") = "Projects.OAuthClient", "Projects.OAuthClient\Projects.OAuthClient.csproj", "{4D9A9742-A648-4242-AF35-4FD7056B6C53}"
EndProject
Project("{2150E333-8FDC-42A3-9474-1A3956D46DE8}") = "09.Sites", "09.Sites", "{5853CB10-88B5-48E1-A8FF-F8CE59A9A7A3}"
EndProject
Project("{FAE04EC0-301F-11D3-BF4B-00C04F79EFBC}") = "Projects.OpenApi", "Project.OpenApi\Projects.OpenApi.csproj", "{B601D2AA-30DB-485C-9329-66B08F442C69}"
EndProject
Project("{2150E333-8FDC-42A3-9474-1A3956D46DE8}") = "41.Nova", "41.Nova", "{EF8EC0C0-0233-4C3F-B467-0E26B8891E59}"
EndProject
Project("{FAE04EC0-301F-11D3-BF4B-00C04F79EFBC}") = "Nova.Parser", "Nova.Parser\Nova.Parser.csproj", "{AC0E9F5F-3AC9-4DFD-AD1D-16F98721195F}"
EndProject
Project("{FAE04EC0-301F-11D3-BF4B-00C04F79EFBC}") = "Projects.Tool.Diagnostics", "Projects.Tool.Diagnostics\Projects.Tool.Diagnostics.csproj", "{223CA59E-63FE-4288-A464-DFFDFFE31F24}"
EndProject
Project("{FAE04EC0-301F-11D3-BF4B-00C04F79EFBC}") = "Projects.Tool.Caches", "Projects.Tool.Caches\Projects.Tool.Caches.csproj", "{DCF74584-F64B-46ED-BB87-3EA5F46EB8BD}"
EndProject
Global
	GlobalSection(SolutionConfigurationPlatforms) = preSolution
		Debug|Any CPU = Debug|Any CPU
		Release|Any CPU = Release|Any CPU
		SimpleDebug|Any CPU = SimpleDebug|Any CPU
		WebAppSubfield|Any CPU = WebAppSubfield|Any CPU
	EndGlobalSection
	GlobalSection(ProjectConfigurationPlatforms) = postSolution
		{188AABA2-82FD-4899-B537-4D49E80ABE0C}.Debug|Any CPU.ActiveCfg = Debug|Any CPU
		{188AABA2-82FD-4899-B537-4D49E80ABE0C}.Debug|Any CPU.Build.0 = Debug|Any CPU
		{188AABA2-82FD-4899-B537-4D49E80ABE0C}.Release|Any CPU.ActiveCfg = Release|Any CPU
		{188AABA2-82FD-4899-B537-4D49E80ABE0C}.Release|Any CPU.Build.0 = Release|Any CPU
		{188AABA2-82FD-4899-B537-4D49E80ABE0C}.SimpleDebug|Any CPU.ActiveCfg = SimpleDebug|Any CPU
		{188AABA2-82FD-4899-B537-4D49E80ABE0C}.SimpleDebug|Any CPU.Build.0 = SimpleDebug|Any CPU
		{188AABA2-82FD-4899-B537-4D49E80ABE0C}.WebAppSubfield|Any CPU.ActiveCfg = WebAppSubfield|Any CPU
		{188AABA2-82FD-4899-B537-4D49E80ABE0C}.WebAppSubfield|Any CPU.Build.0 = WebAppSubfield|Any CPU
		{63BC8A7D-9A63-4C8A-A094-0EF8A1B651D6}.Debug|Any CPU.ActiveCfg = Debug|Any CPU
		{63BC8A7D-9A63-4C8A-A094-0EF8A1B651D6}.Debug|Any CPU.Build.0 = Debug|Any CPU
		{63BC8A7D-9A63-4C8A-A094-0EF8A1B651D6}.Release|Any CPU.ActiveCfg = Release|Any CPU
		{63BC8A7D-9A63-4C8A-A094-0EF8A1B651D6}.Release|Any CPU.Build.0 = Release|Any CPU
		{63BC8A7D-9A63-4C8A-A094-0EF8A1B651D6}.SimpleDebug|Any CPU.ActiveCfg = Debug|Any CPU
		{63BC8A7D-9A63-4C8A-A094-0EF8A1B651D6}.SimpleDebug|Any CPU.Build.0 = Debug|Any CPU
		{63BC8A7D-9A63-4C8A-A094-0EF8A1B651D6}.WebAppSubfield|Any CPU.ActiveCfg = Release|Any CPU
		{63BC8A7D-9A63-4C8A-A094-0EF8A1B651D6}.WebAppSubfield|Any CPU.Build.0 = Release|Any CPU
		{0352CD0D-6487-45F2-AC4B-D566B8001631}.Debug|Any CPU.ActiveCfg = Debug|Any CPU
		{0352CD0D-6487-45F2-AC4B-D566B8001631}.Debug|Any CPU.Build.0 = Debug|Any CPU
		{0352CD0D-6487-45F2-AC4B-D566B8001631}.Release|Any CPU.ActiveCfg = Release|Any CPU
		{0352CD0D-6487-45F2-AC4B-D566B8001631}.Release|Any CPU.Build.0 = Release|Any CPU
		{0352CD0D-6487-45F2-AC4B-D566B8001631}.SimpleDebug|Any CPU.ActiveCfg = Debug|Any CPU
		{0352CD0D-6487-45F2-AC4B-D566B8001631}.SimpleDebug|Any CPU.Build.0 = Debug|Any CPU
		{0352CD0D-6487-45F2-AC4B-D566B8001631}.WebAppSubfield|Any CPU.ActiveCfg = Release|Any CPU
		{0352CD0D-6487-45F2-AC4B-D566B8001631}.WebAppSubfield|Any CPU.Build.0 = Release|Any CPU
		{15C80E60-2717-4BB0-8A35-A41A833E1C91}.Debug|Any CPU.ActiveCfg = Debug|Any CPU
		{15C80E60-2717-4BB0-8A35-A41A833E1C91}.Debug|Any CPU.Build.0 = Debug|Any CPU
		{15C80E60-2717-4BB0-8A35-A41A833E1C91}.Release|Any CPU.ActiveCfg = Release|Any CPU
		{15C80E60-2717-4BB0-8A35-A41A833E1C91}.Release|Any CPU.Build.0 = Release|Any CPU
		{15C80E60-2717-4BB0-8A35-A41A833E1C91}.SimpleDebug|Any CPU.ActiveCfg = Debug|Any CPU
		{15C80E60-2717-4BB0-8A35-A41A833E1C91}.SimpleDebug|Any CPU.Build.0 = Debug|Any CPU
		{15C80E60-2717-4BB0-8A35-A41A833E1C91}.WebAppSubfield|Any CPU.ActiveCfg = Release|Any CPU
		{15C80E60-2717-4BB0-8A35-A41A833E1C91}.WebAppSubfield|Any CPU.Build.0 = Release|Any CPU
		{C6A6AEE8-A78E-48AE-9E9F-C8354456D84B}.Debug|Any CPU.ActiveCfg = Debug|Any CPU
		{C6A6AEE8-A78E-48AE-9E9F-C8354456D84B}.Debug|Any CPU.Build.0 = Debug|Any CPU
		{C6A6AEE8-A78E-48AE-9E9F-C8354456D84B}.Release|Any CPU.ActiveCfg = Release|Any CPU
		{C6A6AEE8-A78E-48AE-9E9F-C8354456D84B}.Release|Any CPU.Build.0 = Release|Any CPU
		{C6A6AEE8-A78E-48AE-9E9F-C8354456D84B}.SimpleDebug|Any CPU.ActiveCfg = SimpleDebug|Any CPU
		{C6A6AEE8-A78E-48AE-9E9F-C8354456D84B}.SimpleDebug|Any CPU.Build.0 = SimpleDebug|Any CPU
		{C6A6AEE8-A78E-48AE-9E9F-C8354456D84B}.WebAppSubfield|Any CPU.ActiveCfg = WebAppSubfield|Any CPU
		{C6A6AEE8-A78E-48AE-9E9F-C8354456D84B}.WebAppSubfield|Any CPU.Build.0 = WebAppSubfield|Any CPU
		{59D3663C-CC15-4660-A931-6CC05EE5A4BC}.Debug|Any CPU.ActiveCfg = Debug|Any CPU
		{59D3663C-CC15-4660-A931-6CC05EE5A4BC}.Debug|Any CPU.Build.0 = Debug|Any CPU
		{59D3663C-CC15-4660-A931-6CC05EE5A4BC}.Release|Any CPU.ActiveCfg = Release|Any CPU
		{59D3663C-CC15-4660-A931-6CC05EE5A4BC}.Release|Any CPU.Build.0 = Release|Any CPU
		{59D3663C-CC15-4660-A931-6CC05EE5A4BC}.SimpleDebug|Any CPU.ActiveCfg = Debug|Any CPU
		{59D3663C-CC15-4660-A931-6CC05EE5A4BC}.SimpleDebug|Any CPU.Build.0 = Debug|Any CPU
		{59D3663C-CC15-4660-A931-6CC05EE5A4BC}.WebAppSubfield|Any CPU.ActiveCfg = Release|Any CPU
		{59D3663C-CC15-4660-A931-6CC05EE5A4BC}.WebAppSubfield|Any CPU.Build.0 = Release|Any CPU
		{92646163-5C72-493B-A816-6E45B6DEFF9D}.Debug|Any CPU.ActiveCfg = Debug|Any CPU
		{92646163-5C72-493B-A816-6E45B6DEFF9D}.Debug|Any CPU.Build.0 = Debug|Any CPU
		{92646163-5C72-493B-A816-6E45B6DEFF9D}.Release|Any CPU.ActiveCfg = Release|Any CPU
		{92646163-5C72-493B-A816-6E45B6DEFF9D}.Release|Any CPU.Build.0 = Release|Any CPU
		{92646163-5C72-493B-A816-6E45B6DEFF9D}.SimpleDebug|Any CPU.ActiveCfg = Debug|Any CPU
		{92646163-5C72-493B-A816-6E45B6DEFF9D}.SimpleDebug|Any CPU.Build.0 = Debug|Any CPU
		{92646163-5C72-493B-A816-6E45B6DEFF9D}.WebAppSubfield|Any CPU.ActiveCfg = Release|Any CPU
		{92646163-5C72-493B-A816-6E45B6DEFF9D}.WebAppSubfield|Any CPU.Build.0 = Release|Any CPU
		{C8CB12EF-B56A-4D46-8B58-96D7AA7A8A93}.Debug|Any CPU.ActiveCfg = Debug|Any CPU
		{C8CB12EF-B56A-4D46-8B58-96D7AA7A8A93}.Debug|Any CPU.Build.0 = Debug|Any CPU
		{C8CB12EF-B56A-4D46-8B58-96D7AA7A8A93}.Release|Any CPU.ActiveCfg = Release|Any CPU
		{C8CB12EF-B56A-4D46-8B58-96D7AA7A8A93}.Release|Any CPU.Build.0 = Release|Any CPU
		{C8CB12EF-B56A-4D46-8B58-96D7AA7A8A93}.SimpleDebug|Any CPU.ActiveCfg = Debug|Any CPU
		{C8CB12EF-B56A-4D46-8B58-96D7AA7A8A93}.SimpleDebug|Any CPU.Build.0 = Debug|Any CPU
		{C8CB12EF-B56A-4D46-8B58-96D7AA7A8A93}.WebAppSubfield|Any CPU.ActiveCfg = Release|Any CPU
		{C8CB12EF-B56A-4D46-8B58-96D7AA7A8A93}.WebAppSubfield|Any CPU.Build.0 = Release|Any CPU
		{6F777998-863C-4F94-B578-099C54590B45}.Debug|Any CPU.ActiveCfg = Debug|Any CPU
		{6F777998-863C-4F94-B578-099C54590B45}.Debug|Any CPU.Build.0 = Debug|Any CPU
		{6F777998-863C-4F94-B578-099C54590B45}.Release|Any CPU.ActiveCfg = Release|Any CPU
		{6F777998-863C-4F94-B578-099C54590B45}.Release|Any CPU.Build.0 = Release|Any CPU
		{6F777998-863C-4F94-B578-099C54590B45}.SimpleDebug|Any CPU.ActiveCfg = Debug|Any CPU
		{6F777998-863C-4F94-B578-099C54590B45}.SimpleDebug|Any CPU.Build.0 = Debug|Any CPU
		{6F777998-863C-4F94-B578-099C54590B45}.WebAppSubfield|Any CPU.ActiveCfg = Release|Any CPU
		{6F777998-863C-4F94-B578-099C54590B45}.WebAppSubfield|Any CPU.Build.0 = Release|Any CPU
		{600CBFEC-4F21-4CB1-9E7C-CC28309E8525}.Debug|Any CPU.ActiveCfg = Debug|Any CPU
		{600CBFEC-4F21-4CB1-9E7C-CC28309E8525}.Debug|Any CPU.Build.0 = Debug|Any CPU
		{600CBFEC-4F21-4CB1-9E7C-CC28309E8525}.Release|Any CPU.ActiveCfg = Release|Any CPU
		{600CBFEC-4F21-4CB1-9E7C-CC28309E8525}.Release|Any CPU.Build.0 = Release|Any CPU
		{600CBFEC-4F21-4CB1-9E7C-CC28309E8525}.SimpleDebug|Any CPU.ActiveCfg = Debug|Any CPU
		{600CBFEC-4F21-4CB1-9E7C-CC28309E8525}.SimpleDebug|Any CPU.Build.0 = Debug|Any CPU
		{600CBFEC-4F21-4CB1-9E7C-CC28309E8525}.WebAppSubfield|Any CPU.ActiveCfg = Release|Any CPU
		{600CBFEC-4F21-4CB1-9E7C-CC28309E8525}.WebAppSubfield|Any CPU.Build.0 = Release|Any CPU
		{EF4FF961-EB7B-4CAF-AA2D-46444D263F4B}.Debug|Any CPU.ActiveCfg = Debug|Any CPU
		{EF4FF961-EB7B-4CAF-AA2D-46444D263F4B}.Debug|Any CPU.Build.0 = Debug|Any CPU
		{EF4FF961-EB7B-4CAF-AA2D-46444D263F4B}.Release|Any CPU.ActiveCfg = Release|Any CPU
		{EF4FF961-EB7B-4CAF-AA2D-46444D263F4B}.Release|Any CPU.Build.0 = Release|Any CPU
		{EF4FF961-EB7B-4CAF-AA2D-46444D263F4B}.SimpleDebug|Any CPU.ActiveCfg = Debug|Any CPU
		{EF4FF961-EB7B-4CAF-AA2D-46444D263F4B}.SimpleDebug|Any CPU.Build.0 = Debug|Any CPU
		{EF4FF961-EB7B-4CAF-AA2D-46444D263F4B}.WebAppSubfield|Any CPU.ActiveCfg = Release|Any CPU
		{EF4FF961-EB7B-4CAF-AA2D-46444D263F4B}.WebAppSubfield|Any CPU.Build.0 = Release|Any CPU
		{6AE81496-C67F-4B0C-86A9-3D44CA5CF600}.Debug|Any CPU.ActiveCfg = Debug|Any CPU
		{6AE81496-C67F-4B0C-86A9-3D44CA5CF600}.Debug|Any CPU.Build.0 = Debug|Any CPU
		{6AE81496-C67F-4B0C-86A9-3D44CA5CF600}.Release|Any CPU.ActiveCfg = Release|Any CPU
		{6AE81496-C67F-4B0C-86A9-3D44CA5CF600}.Release|Any CPU.Build.0 = Release|Any CPU
		{6AE81496-C67F-4B0C-86A9-3D44CA5CF600}.SimpleDebug|Any CPU.ActiveCfg = Debug|Any CPU
		{6AE81496-C67F-4B0C-86A9-3D44CA5CF600}.SimpleDebug|Any CPU.Build.0 = Debug|Any CPU
		{6AE81496-C67F-4B0C-86A9-3D44CA5CF600}.WebAppSubfield|Any CPU.ActiveCfg = Release|Any CPU
		{6AE81496-C67F-4B0C-86A9-3D44CA5CF600}.WebAppSubfield|Any CPU.Build.0 = Release|Any CPU
		{554CA3D0-41A6-4E70-9F43-6688D6162CD5}.Debug|Any CPU.ActiveCfg = Debug|Any CPU
		{554CA3D0-41A6-4E70-9F43-6688D6162CD5}.Debug|Any CPU.Build.0 = Debug|Any CPU
		{554CA3D0-41A6-4E70-9F43-6688D6162CD5}.Release|Any CPU.ActiveCfg = Release|Any CPU
		{554CA3D0-41A6-4E70-9F43-6688D6162CD5}.Release|Any CPU.Build.0 = Release|Any CPU
		{554CA3D0-41A6-4E70-9F43-6688D6162CD5}.SimpleDebug|Any CPU.ActiveCfg = Debug|Any CPU
		{554CA3D0-41A6-4E70-9F43-6688D6162CD5}.SimpleDebug|Any CPU.Build.0 = Debug|Any CPU
		{554CA3D0-41A6-4E70-9F43-6688D6162CD5}.WebAppSubfield|Any CPU.ActiveCfg = Release|Any CPU
		{554CA3D0-41A6-4E70-9F43-6688D6162CD5}.WebAppSubfield|Any CPU.Build.0 = Release|Any CPU
		{109F6C54-1FAC-49A5-90B7-4612C4D82953}.Debug|Any CPU.ActiveCfg = Debug|Any CPU
		{109F6C54-1FAC-49A5-90B7-4612C4D82953}.Debug|Any CPU.Build.0 = Debug|Any CPU
		{109F6C54-1FAC-49A5-90B7-4612C4D82953}.Release|Any CPU.ActiveCfg = Release|Any CPU
		{109F6C54-1FAC-49A5-90B7-4612C4D82953}.Release|Any CPU.Build.0 = Release|Any CPU
		{109F6C54-1FAC-49A5-90B7-4612C4D82953}.SimpleDebug|Any CPU.ActiveCfg = Debug|Any CPU
		{109F6C54-1FAC-49A5-90B7-4612C4D82953}.SimpleDebug|Any CPU.Build.0 = Debug|Any CPU
		{109F6C54-1FAC-49A5-90B7-4612C4D82953}.WebAppSubfield|Any CPU.ActiveCfg = Release|Any CPU
		{109F6C54-1FAC-49A5-90B7-4612C4D82953}.WebAppSubfield|Any CPU.Build.0 = Release|Any CPU
		{FCFB22D4-AACC-4EC3-8E95-80F3F8FB1EBE}.Debug|Any CPU.ActiveCfg = Debug|Any CPU
		{FCFB22D4-AACC-4EC3-8E95-80F3F8FB1EBE}.Debug|Any CPU.Build.0 = Debug|Any CPU
		{FCFB22D4-AACC-4EC3-8E95-80F3F8FB1EBE}.Release|Any CPU.ActiveCfg = Release|Any CPU
		{FCFB22D4-AACC-4EC3-8E95-80F3F8FB1EBE}.Release|Any CPU.Build.0 = Release|Any CPU
		{FCFB22D4-AACC-4EC3-8E95-80F3F8FB1EBE}.SimpleDebug|Any CPU.ActiveCfg = Debug|Any CPU
		{FCFB22D4-AACC-4EC3-8E95-80F3F8FB1EBE}.SimpleDebug|Any CPU.Build.0 = Debug|Any CPU
		{FCFB22D4-AACC-4EC3-8E95-80F3F8FB1EBE}.WebAppSubfield|Any CPU.ActiveCfg = Release|Any CPU
		{FCFB22D4-AACC-4EC3-8E95-80F3F8FB1EBE}.WebAppSubfield|Any CPU.Build.0 = Release|Any CPU
		{A0B39A9E-3D55-4FE4-87FF-4E1B5C11444C}.Debug|Any CPU.ActiveCfg = Debug|Any CPU
		{A0B39A9E-3D55-4FE4-87FF-4E1B5C11444C}.Debug|Any CPU.Build.0 = Debug|Any CPU
		{A0B39A9E-3D55-4FE4-87FF-4E1B5C11444C}.Release|Any CPU.ActiveCfg = Release|Any CPU
		{A0B39A9E-3D55-4FE4-87FF-4E1B5C11444C}.Release|Any CPU.Build.0 = Release|Any CPU
		{A0B39A9E-3D55-4FE4-87FF-4E1B5C11444C}.SimpleDebug|Any CPU.ActiveCfg = Debug|Any CPU
		{A0B39A9E-3D55-4FE4-87FF-4E1B5C11444C}.SimpleDebug|Any CPU.Build.0 = Debug|Any CPU
		{A0B39A9E-3D55-4FE4-87FF-4E1B5C11444C}.WebAppSubfield|Any CPU.ActiveCfg = Release|Any CPU
		{A0B39A9E-3D55-4FE4-87FF-4E1B5C11444C}.WebAppSubfield|Any CPU.Build.0 = Release|Any CPU
		{28FF9C5E-9180-4C73-B5EE-D516B4D1835F}.Debug|Any CPU.ActiveCfg = Debug|Any CPU
		{28FF9C5E-9180-4C73-B5EE-D516B4D1835F}.Debug|Any CPU.Build.0 = Debug|Any CPU
		{28FF9C5E-9180-4C73-B5EE-D516B4D1835F}.Release|Any CPU.ActiveCfg = Release|Any CPU
		{28FF9C5E-9180-4C73-B5EE-D516B4D1835F}.Release|Any CPU.Build.0 = Release|Any CPU
		{28FF9C5E-9180-4C73-B5EE-D516B4D1835F}.SimpleDebug|Any CPU.ActiveCfg = Debug|Any CPU
		{28FF9C5E-9180-4C73-B5EE-D516B4D1835F}.SimpleDebug|Any CPU.Build.0 = Debug|Any CPU
		{28FF9C5E-9180-4C73-B5EE-D516B4D1835F}.WebAppSubfield|Any CPU.ActiveCfg = Release|Any CPU
		{28FF9C5E-9180-4C73-B5EE-D516B4D1835F}.WebAppSubfield|Any CPU.Build.0 = Release|Any CPU
		{45845BCF-0354-45BB-B12D-FD4B368FE2CB}.Debug|Any CPU.ActiveCfg = Debug|Any CPU
		{45845BCF-0354-45BB-B12D-FD4B368FE2CB}.Debug|Any CPU.Build.0 = Debug|Any CPU
		{45845BCF-0354-45BB-B12D-FD4B368FE2CB}.Release|Any CPU.ActiveCfg = Release|Any CPU
		{45845BCF-0354-45BB-B12D-FD4B368FE2CB}.Release|Any CPU.Build.0 = Release|Any CPU
		{45845BCF-0354-45BB-B12D-FD4B368FE2CB}.SimpleDebug|Any CPU.ActiveCfg = Debug|Any CPU
		{45845BCF-0354-45BB-B12D-FD4B368FE2CB}.SimpleDebug|Any CPU.Build.0 = Debug|Any CPU
		{45845BCF-0354-45BB-B12D-FD4B368FE2CB}.WebAppSubfield|Any CPU.ActiveCfg = Release|Any CPU
		{45845BCF-0354-45BB-B12D-FD4B368FE2CB}.WebAppSubfield|Any CPU.Build.0 = Release|Any CPU
		{146DAA88-0FF1-47BC-814C-265CD1797FBD}.Debug|Any CPU.ActiveCfg = Debug|Any CPU
		{146DAA88-0FF1-47BC-814C-265CD1797FBD}.Debug|Any CPU.Build.0 = Debug|Any CPU
		{146DAA88-0FF1-47BC-814C-265CD1797FBD}.Release|Any CPU.ActiveCfg = Release|Any CPU
		{146DAA88-0FF1-47BC-814C-265CD1797FBD}.Release|Any CPU.Build.0 = Release|Any CPU
		{146DAA88-0FF1-47BC-814C-265CD1797FBD}.SimpleDebug|Any CPU.ActiveCfg = Debug|Any CPU
		{146DAA88-0FF1-47BC-814C-265CD1797FBD}.SimpleDebug|Any CPU.Build.0 = Debug|Any CPU
		{146DAA88-0FF1-47BC-814C-265CD1797FBD}.WebAppSubfield|Any CPU.ActiveCfg = Release|Any CPU
		{146DAA88-0FF1-47BC-814C-265CD1797FBD}.WebAppSubfield|Any CPU.Build.0 = Release|Any CPU
		{CCA493D4-9D6D-4B89-B24F-358DFDF68D24}.Debug|Any CPU.ActiveCfg = Debug|Any CPU
		{CCA493D4-9D6D-4B89-B24F-358DFDF68D24}.Debug|Any CPU.Build.0 = Debug|Any CPU
		{CCA493D4-9D6D-4B89-B24F-358DFDF68D24}.Release|Any CPU.ActiveCfg = Release|Any CPU
		{CCA493D4-9D6D-4B89-B24F-358DFDF68D24}.Release|Any CPU.Build.0 = Release|Any CPU
		{CCA493D4-9D6D-4B89-B24F-358DFDF68D24}.SimpleDebug|Any CPU.ActiveCfg = Debug|Any CPU
		{CCA493D4-9D6D-4B89-B24F-358DFDF68D24}.SimpleDebug|Any CPU.Build.0 = Debug|Any CPU
		{CCA493D4-9D6D-4B89-B24F-358DFDF68D24}.WebAppSubfield|Any CPU.ActiveCfg = Release|Any CPU
		{CCA493D4-9D6D-4B89-B24F-358DFDF68D24}.WebAppSubfield|Any CPU.Build.0 = Release|Any CPU
		{05AB0CD6-7DCA-4263-B6D7-89BFAA81DC02}.Debug|Any CPU.ActiveCfg = Debug|Any CPU
		{05AB0CD6-7DCA-4263-B6D7-89BFAA81DC02}.Debug|Any CPU.Build.0 = Debug|Any CPU
		{05AB0CD6-7DCA-4263-B6D7-89BFAA81DC02}.Release|Any CPU.ActiveCfg = Release|Any CPU
		{05AB0CD6-7DCA-4263-B6D7-89BFAA81DC02}.Release|Any CPU.Build.0 = Release|Any CPU
		{05AB0CD6-7DCA-4263-B6D7-89BFAA81DC02}.SimpleDebug|Any CPU.ActiveCfg = Debug|Any CPU
		{05AB0CD6-7DCA-4263-B6D7-89BFAA81DC02}.SimpleDebug|Any CPU.Build.0 = Debug|Any CPU
		{05AB0CD6-7DCA-4263-B6D7-89BFAA81DC02}.WebAppSubfield|Any CPU.ActiveCfg = Release|Any CPU
		{05AB0CD6-7DCA-4263-B6D7-89BFAA81DC02}.WebAppSubfield|Any CPU.Build.0 = Release|Any CPU
		{CB5729D8-00F8-45EA-B3DC-334D1037A275}.Debug|Any CPU.ActiveCfg = Debug|Any CPU
		{CB5729D8-00F8-45EA-B3DC-334D1037A275}.Debug|Any CPU.Build.0 = Debug|Any CPU
		{CB5729D8-00F8-45EA-B3DC-334D1037A275}.Release|Any CPU.ActiveCfg = Release|Any CPU
		{CB5729D8-00F8-45EA-B3DC-334D1037A275}.Release|Any CPU.Build.0 = Release|Any CPU
		{CB5729D8-00F8-45EA-B3DC-334D1037A275}.SimpleDebug|Any CPU.ActiveCfg = Debug|Any CPU
		{CB5729D8-00F8-45EA-B3DC-334D1037A275}.SimpleDebug|Any CPU.Build.0 = Debug|Any CPU
		{CB5729D8-00F8-45EA-B3DC-334D1037A275}.WebAppSubfield|Any CPU.ActiveCfg = Release|Any CPU
		{CB5729D8-00F8-45EA-B3DC-334D1037A275}.WebAppSubfield|Any CPU.Build.0 = Release|Any CPU
		{A834741E-02B6-423F-B8FD-1A4AA18D59B9}.Debug|Any CPU.ActiveCfg = Debug|Any CPU
		{A834741E-02B6-423F-B8FD-1A4AA18D59B9}.Debug|Any CPU.Build.0 = Debug|Any CPU
		{A834741E-02B6-423F-B8FD-1A4AA18D59B9}.Release|Any CPU.ActiveCfg = Release|Any CPU
		{A834741E-02B6-423F-B8FD-1A4AA18D59B9}.Release|Any CPU.Build.0 = Release|Any CPU
		{A834741E-02B6-423F-B8FD-1A4AA18D59B9}.SimpleDebug|Any CPU.ActiveCfg = Debug|Any CPU
		{A834741E-02B6-423F-B8FD-1A4AA18D59B9}.SimpleDebug|Any CPU.Build.0 = Debug|Any CPU
		{A834741E-02B6-423F-B8FD-1A4AA18D59B9}.WebAppSubfield|Any CPU.ActiveCfg = Release|Any CPU
		{A834741E-02B6-423F-B8FD-1A4AA18D59B9}.WebAppSubfield|Any CPU.Build.0 = Release|Any CPU
		{3D9CB39C-5850-4AB8-8359-410318389697}.Debug|Any CPU.ActiveCfg = Debug|Any CPU
		{3D9CB39C-5850-4AB8-8359-410318389697}.Debug|Any CPU.Build.0 = Debug|Any CPU
		{3D9CB39C-5850-4AB8-8359-410318389697}.Release|Any CPU.ActiveCfg = Release|Any CPU
		{3D9CB39C-5850-4AB8-8359-410318389697}.Release|Any CPU.Build.0 = Release|Any CPU
		{3D9CB39C-5850-4AB8-8359-410318389697}.SimpleDebug|Any CPU.ActiveCfg = Debug|Any CPU
		{3D9CB39C-5850-4AB8-8359-410318389697}.SimpleDebug|Any CPU.Build.0 = Debug|Any CPU
		{3D9CB39C-5850-4AB8-8359-410318389697}.WebAppSubfield|Any CPU.ActiveCfg = Release|Any CPU
		{3D9CB39C-5850-4AB8-8359-410318389697}.WebAppSubfield|Any CPU.Build.0 = Release|Any CPU
		{F61BD559-7EE2-4D86-AC50-DBA0C42335C7}.Debug|Any CPU.ActiveCfg = Debug|Any CPU
		{F61BD559-7EE2-4D86-AC50-DBA0C42335C7}.Debug|Any CPU.Build.0 = Debug|Any CPU
		{F61BD559-7EE2-4D86-AC50-DBA0C42335C7}.Release|Any CPU.ActiveCfg = Release|Any CPU
		{F61BD559-7EE2-4D86-AC50-DBA0C42335C7}.Release|Any CPU.Build.0 = Release|Any CPU
		{F61BD559-7EE2-4D86-AC50-DBA0C42335C7}.SimpleDebug|Any CPU.ActiveCfg = Debug|Any CPU
		{F61BD559-7EE2-4D86-AC50-DBA0C42335C7}.SimpleDebug|Any CPU.Build.0 = Debug|Any CPU
		{F61BD559-7EE2-4D86-AC50-DBA0C42335C7}.WebAppSubfield|Any CPU.ActiveCfg = Release|Any CPU
		{F61BD559-7EE2-4D86-AC50-DBA0C42335C7}.WebAppSubfield|Any CPU.Build.0 = Release|Any CPU
		{84A33FE4-7089-47FC-9C46-E71FDD6A3D77}.Debug|Any CPU.ActiveCfg = Debug|Any CPU
		{84A33FE4-7089-47FC-9C46-E71FDD6A3D77}.Debug|Any CPU.Build.0 = Debug|Any CPU
		{84A33FE4-7089-47FC-9C46-E71FDD6A3D77}.Release|Any CPU.ActiveCfg = Release|Any CPU
		{84A33FE4-7089-47FC-9C46-E71FDD6A3D77}.Release|Any CPU.Build.0 = Release|Any CPU
		{84A33FE4-7089-47FC-9C46-E71FDD6A3D77}.SimpleDebug|Any CPU.ActiveCfg = Debug|Any CPU
		{84A33FE4-7089-47FC-9C46-E71FDD6A3D77}.SimpleDebug|Any CPU.Build.0 = Debug|Any CPU
		{84A33FE4-7089-47FC-9C46-E71FDD6A3D77}.WebAppSubfield|Any CPU.ActiveCfg = Release|Any CPU
		{84A33FE4-7089-47FC-9C46-E71FDD6A3D77}.WebAppSubfield|Any CPU.Build.0 = Release|Any CPU
		{9161C8FB-CBAB-42F5-B739-F91679DDBA39}.Debug|Any CPU.ActiveCfg = Debug|Any CPU
		{9161C8FB-CBAB-42F5-B739-F91679DDBA39}.Debug|Any CPU.Build.0 = Debug|Any CPU
		{9161C8FB-CBAB-42F5-B739-F91679DDBA39}.Release|Any CPU.ActiveCfg = Release|Any CPU
		{9161C8FB-CBAB-42F5-B739-F91679DDBA39}.Release|Any CPU.Build.0 = Release|Any CPU
		{9161C8FB-CBAB-42F5-B739-F91679DDBA39}.SimpleDebug|Any CPU.ActiveCfg = Debug|Any CPU
		{9161C8FB-CBAB-42F5-B739-F91679DDBA39}.SimpleDebug|Any CPU.Build.0 = Debug|Any CPU
		{9161C8FB-CBAB-42F5-B739-F91679DDBA39}.WebAppSubfield|Any CPU.ActiveCfg = Release|Any CPU
		{9161C8FB-CBAB-42F5-B739-F91679DDBA39}.WebAppSubfield|Any CPU.Build.0 = Release|Any CPU
		{4D9A9742-A648-4242-AF35-4FD7056B6C53}.Debug|Any CPU.ActiveCfg = Debug|Any CPU
		{4D9A9742-A648-4242-AF35-4FD7056B6C53}.Debug|Any CPU.Build.0 = Debug|Any CPU
		{4D9A9742-A648-4242-AF35-4FD7056B6C53}.Release|Any CPU.ActiveCfg = Release|Any CPU
		{4D9A9742-A648-4242-AF35-4FD7056B6C53}.Release|Any CPU.Build.0 = Release|Any CPU
		{4D9A9742-A648-4242-AF35-4FD7056B6C53}.SimpleDebug|Any CPU.ActiveCfg = Debug|Any CPU
		{4D9A9742-A648-4242-AF35-4FD7056B6C53}.SimpleDebug|Any CPU.Build.0 = Debug|Any CPU
		{4D9A9742-A648-4242-AF35-4FD7056B6C53}.WebAppSubfield|Any CPU.ActiveCfg = Release|Any CPU
		{4D9A9742-A648-4242-AF35-4FD7056B6C53}.WebAppSubfield|Any CPU.Build.0 = Release|Any CPU
		{B601D2AA-30DB-485C-9329-66B08F442C69}.Debug|Any CPU.ActiveCfg = Debug|Any CPU
		{B601D2AA-30DB-485C-9329-66B08F442C69}.Debug|Any CPU.Build.0 = Debug|Any CPU
		{B601D2AA-30DB-485C-9329-66B08F442C69}.Release|Any CPU.ActiveCfg = Release|Any CPU
		{B601D2AA-30DB-485C-9329-66B08F442C69}.Release|Any CPU.Build.0 = Release|Any CPU
		{B601D2AA-30DB-485C-9329-66B08F442C69}.SimpleDebug|Any CPU.ActiveCfg = Debug|Any CPU
		{B601D2AA-30DB-485C-9329-66B08F442C69}.SimpleDebug|Any CPU.Build.0 = Debug|Any CPU
		{B601D2AA-30DB-485C-9329-66B08F442C69}.WebAppSubfield|Any CPU.ActiveCfg = Release|Any CPU
		{B601D2AA-30DB-485C-9329-66B08F442C69}.WebAppSubfield|Any CPU.Build.0 = Release|Any CPU
		{AC0E9F5F-3AC9-4DFD-AD1D-16F98721195F}.Debug|Any CPU.ActiveCfg = Debug|Any CPU
		{AC0E9F5F-3AC9-4DFD-AD1D-16F98721195F}.Debug|Any CPU.Build.0 = Debug|Any CPU
		{AC0E9F5F-3AC9-4DFD-AD1D-16F98721195F}.Release|Any CPU.ActiveCfg = Release|Any CPU
		{AC0E9F5F-3AC9-4DFD-AD1D-16F98721195F}.Release|Any CPU.Build.0 = Release|Any CPU
		{AC0E9F5F-3AC9-4DFD-AD1D-16F98721195F}.SimpleDebug|Any CPU.ActiveCfg = Debug|Any CPU
		{AC0E9F5F-3AC9-4DFD-AD1D-16F98721195F}.SimpleDebug|Any CPU.Build.0 = Debug|Any CPU
		{AC0E9F5F-3AC9-4DFD-AD1D-16F98721195F}.WebAppSubfield|Any CPU.ActiveCfg = Release|Any CPU
		{AC0E9F5F-3AC9-4DFD-AD1D-16F98721195F}.WebAppSubfield|Any CPU.Build.0 = Release|Any CPU
		{223CA59E-63FE-4288-A464-DFFDFFE31F24}.Debug|Any CPU.ActiveCfg = Debug|Any CPU
		{223CA59E-63FE-4288-A464-DFFDFFE31F24}.Debug|Any CPU.Build.0 = Debug|Any CPU
		{223CA59E-63FE-4288-A464-DFFDFFE31F24}.Release|Any CPU.ActiveCfg = Release|Any CPU
		{223CA59E-63FE-4288-A464-DFFDFFE31F24}.Release|Any CPU.Build.0 = Release|Any CPU
		{223CA59E-63FE-4288-A464-DFFDFFE31F24}.SimpleDebug|Any CPU.ActiveCfg = Debug|Any CPU
		{223CA59E-63FE-4288-A464-DFFDFFE31F24}.SimpleDebug|Any CPU.Build.0 = Debug|Any CPU
		{223CA59E-63FE-4288-A464-DFFDFFE31F24}.WebAppSubfield|Any CPU.ActiveCfg = Release|Any CPU
		{223CA59E-63FE-4288-A464-DFFDFFE31F24}.WebAppSubfield|Any CPU.Build.0 = Release|Any CPU
		{DCF74584-F64B-46ED-BB87-3EA5F46EB8BD}.Debug|Any CPU.ActiveCfg = Debug|Any CPU
		{DCF74584-F64B-46ED-BB87-3EA5F46EB8BD}.Debug|Any CPU.Build.0 = Debug|Any CPU
		{DCF74584-F64B-46ED-BB87-3EA5F46EB8BD}.Release|Any CPU.ActiveCfg = Release|Any CPU
		{DCF74584-F64B-46ED-BB87-3EA5F46EB8BD}.Release|Any CPU.Build.0 = Release|Any CPU
		{DCF74584-F64B-46ED-BB87-3EA5F46EB8BD}.SimpleDebug|Any CPU.ActiveCfg = Debug|Any CPU
		{DCF74584-F64B-46ED-BB87-3EA5F46EB8BD}.SimpleDebug|Any CPU.Build.0 = Debug|Any CPU
		{DCF74584-F64B-46ED-BB87-3EA5F46EB8BD}.WebAppSubfield|Any CPU.ActiveCfg = Release|Any CPU
		{DCF74584-F64B-46ED-BB87-3EA5F46EB8BD}.WebAppSubfield|Any CPU.Build.0 = Release|Any CPU
	EndGlobalSection
	GlobalSection(SolutionProperties) = preSolution
		HideSolutionNode = FALSE
	EndGlobalSection
	GlobalSection(NestedProjects) = preSolution
		{6F777998-863C-4F94-B578-099C54590B45} = {A76C0542-826A-4278-8798-62C80BD19FB4}
		{600CBFEC-4F21-4CB1-9E7C-CC28309E8525} = {A76C0542-826A-4278-8798-62C80BD19FB4}
		{188AABA2-82FD-4899-B537-4D49E80ABE0C} = {A76C0542-826A-4278-8798-62C80BD19FB4}
		{45845BCF-0354-45BB-B12D-FD4B368FE2CB} = {A76C0542-826A-4278-8798-62C80BD19FB4}
		{223CA59E-63FE-4288-A464-DFFDFFE31F24} = {A76C0542-826A-4278-8798-62C80BD19FB4}
		{DCF74584-F64B-46ED-BB87-3EA5F46EB8BD} = {A76C0542-826A-4278-8798-62C80BD19FB4}
		{63BC8A7D-9A63-4C8A-A094-0EF8A1B651D6} = {74B0CB81-685F-4B6B-B057-673865DB3734}
		{A0B39A9E-3D55-4FE4-87FF-4E1B5C11444C} = {74B0CB81-685F-4B6B-B057-673865DB3734}
		{EF8EC0C0-0233-4C3F-B467-0E26B8891E59} = {74B0CB81-685F-4B6B-B057-673865DB3734}
		{C6A6AEE8-A78E-48AE-9E9F-C8354456D84B} = {06F203D4-BD28-48FB-835A-6EE9636A4368}
		{0352CD0D-6487-45F2-AC4B-D566B8001631} = {06F203D4-BD28-48FB-835A-6EE9636A4368}
		{CB5729D8-00F8-45EA-B3DC-334D1037A275} = {06F203D4-BD28-48FB-835A-6EE9636A4368}
		{C8CB12EF-B56A-4D46-8B58-96D7AA7A8A93} = {73EAA68D-559B-4FC7-BD8F-59C638618607}
		{15C80E60-2717-4BB0-8A35-A41A833E1C91} = {73EAA68D-559B-4FC7-BD8F-59C638618607}
		{A834741E-02B6-423F-B8FD-1A4AA18D59B9} = {73EAA68D-559B-4FC7-BD8F-59C638618607}
		{3D9CB39C-5850-4AB8-8359-410318389697} = {73EAA68D-559B-4FC7-BD8F-59C638618607}
		{9161C8FB-CBAB-42F5-B739-F91679DDBA39} = {73EAA68D-559B-4FC7-BD8F-59C638618607}
		{92646163-5C72-493B-A816-6E45B6DEFF9D} = {FE0DB9C1-431F-456B-BDFB-D9E95AA62CE7}
		{59D3663C-CC15-4660-A931-6CC05EE5A4BC} = {FE0DB9C1-431F-456B-BDFB-D9E95AA62CE7}
		{554CA3D0-41A6-4E70-9F43-6688D6162CD5} = {22D41A59-D32F-4EDF-8458-483D92F3C83D}
		{109F6C54-1FAC-49A5-90B7-4612C4D82953} = {22D41A59-D32F-4EDF-8458-483D92F3C83D}
		{EF4FF961-EB7B-4CAF-AA2D-46444D263F4B} = {22D41A59-D32F-4EDF-8458-483D92F3C83D}
		{FCFB22D4-AACC-4EC3-8E95-80F3F8FB1EBE} = {22D41A59-D32F-4EDF-8458-483D92F3C83D}
		{6AE81496-C67F-4B0C-86A9-3D44CA5CF600} = {B9205794-6E1E-443E-BDBB-1AC7FBE60462}
		{28FF9C5E-9180-4C73-B5EE-D516B4D1835F} = {2B424D00-7BC7-4E8B-B66B-D27B3B7D7975}
		{146DAA88-0FF1-47BC-814C-265CD1797FBD} = {C245A2DD-7AF9-462D-81CF-3322943F3B9A}
		{CCA493D4-9D6D-4B89-B24F-358DFDF68D24} = {C245A2DD-7AF9-462D-81CF-3322943F3B9A}
		{05AB0CD6-7DCA-4263-B6D7-89BFAA81DC02} = {C245A2DD-7AF9-462D-81CF-3322943F3B9A}
		{F61BD559-7EE2-4D86-AC50-DBA0C42335C7} = {6768DA50-53FD-4B98-8E25-511A131B5B84}
		{4D9A9742-A648-4242-AF35-4FD7056B6C53} = {6768DA50-53FD-4B98-8E25-511A131B5B84}
		{84A33FE4-7089-47FC-9C46-E71FDD6A3D77} = {B9225F24-0897-4B8B-A77E-4F5ED959929C}
		{B601D2AA-30DB-485C-9329-66B08F442C69} = {5853CB10-88B5-48E1-A8FF-F8CE59A9A7A3}
		{AC0E9F5F-3AC9-4DFD-AD1D-16F98721195F} = {EF8EC0C0-0233-4C3F-B467-0E26B8891E59}
	EndGlobalSection
EndGlobal
