
Microsoft Visual Studio Solution File, Format Version 12.00
# Visual Studio 2012
Project("{FAE04EC0-301F-11D3-BF4B-00C04F79EFBC}") = "Projects.Tool", "Projects.Tool\Projects.Tool.csproj", "{188AABA2-82FD-4899-B537-4D49E80ABE0C}"
EndProject
Project("{FAE04EC0-301F-11D3-BF4B-00C04F79EFBC}") = "Projects.Accesses", "Projects.Access\Projects.Accesses.csproj", "{63BC8A7D-9A63-4C8A-A094-0EF8A1B651D6}"
EndProject
Project("{FAE04EC0-301F-11D3-BF4B-00C04F79EFBC}") = "Projects.Framework", "Projects.Framework\Projects.Framework.csproj", "{0352CD0D-6487-45F2-AC4B-D566B8001631}"
EndProject
Project("{FAE04EC0-301F-11D3-BF4B-00C04F79EFBC}") = "Projects.Mapping", "Projects.Mapping\Projects.Mapping.csproj", "{15C80E60-2717-4BB0-8A35-A41A833E1C91}"
EndProject
Project("{FAE04EC0-301F-11D3-BF4B-00C04F79EFBC}") = "Projects.Framework.Web", "Projects.Mvc\Projects.Framework.Web.csproj", "{C6A6AEE8-A78E-48AE-9E9F-C8354456D84B}"
EndProject
Project("{FAE04EC0-301F-11D3-BF4B-00C04F79EFBC}") = "Projects.Purviews", "Projects.Purviews\Projects.Purviews.csproj", "{59D3663C-CC15-4660-A931-6CC05EE5A4BC}"
EndProject
Project("{FAE04EC0-301F-11D3-BF4B-00C04F79EFBC}") = "Projects.Purviews.Client", "Projects.Purviews.Client\Projects.Purviews.Client.csproj", "{92646163-5C72-493B-A816-6E45B6DEFF9D}"
EndProject
Project("{FAE04EC0-301F-11D3-BF4B-00C04F79EFBC}") = "Projects.Repositories", "Projects.Repositories\Projects.Repositories.csproj", "{C8CB12EF-B56A-4D46-8B58-96D7AA7A8A93}"
EndProject
Project("{FAE04EC0-301F-11D3-BF4B-00C04F79EFBC}") = "Projects.Tool.Log4NetProvider", "Projects.Tool.Log4NetProvider\Projects.Tool.Log4NetProvider.csproj", "{6F777998-863C-4F94-B578-099C54590B45}"
EndProject
Project("{FAE04EC0-301F-11D3-BF4B-00C04F79EFBC}") = "Projects.Tool.WeblogProvider", "Projects.Tool.WeblogProvider\Projects.Tool.WeblogProvider.csproj", "{600CBFEC-4F21-4CB1-9E7C-CC28309E8525}"
EndProject
Project("{FAE04EC0-301F-11D3-BF4B-00C04F79EFBC}") = "Warehouse.DataOperator", "Warehouses\Warehouse.DataOperator\Warehouse.DataOperator.csproj", "{EF4FF961-EB7B-4CAF-AA2D-46444D263F4B}"
EndProject
Project("{F088123C-0E9E-452A-89E6-6BA2F21D5CAC}") = "Warehouse.Design", "Warehouses\Warehouse.Design\Warehouse.Design.modelproj", "{6AE81496-C67F-4B0C-86A9-3D44CA5CF600}"
EndProject
Project("{FAE04EC0-301F-11D3-BF4B-00C04F79EFBC}") = "Warehouse.StoragePolicy", "Warehouses\Warehouse.StoragePolicy\Warehouse.StoragePolicy.csproj", "{554CA3D0-41A6-4E70-9F43-6688D6162CD5}"
EndProject
Project("{FAE04EC0-301F-11D3-BF4B-00C04F79EFBC}") = "Warehouse.Utility", "Warehouses\Warehouse.Utility\Warehouse.Utility.csproj", "{109F6C54-1FAC-49A5-90B7-4612C4D82953}"
EndProject
Project("{2150E333-8FDC-42A3-9474-1A3956D46DE8}") = "0.Design", "0.Design", "{B9205794-6E1E-443E-BDBB-1AC7FBE60462}"
EndProject
Project("{2150E333-8FDC-42A3-9474-1A3956D46DE8}") = "1.Tools", "1.Tools", "{A76C0542-826A-4278-8798-62C80BD19FB4}"
EndProject
Project("{2150E333-8FDC-42A3-9474-1A3956D46DE8}") = "2.Purviews", "2.Purviews", "{FE0DB9C1-431F-456B-BDFB-D9E95AA62CE7}"
EndProject
Project("{2150E333-8FDC-42A3-9474-1A3956D46DE8}") = "3.Web", "3.Web", "{06F203D4-BD28-48FB-835A-6EE9636A4368}"
EndProject
Project("{2150E333-8FDC-42A3-9474-1A3956D46DE8}") = "4.Access", "4.Access", "{74B0CB81-685F-4B6B-B057-673865DB3734}"
EndProject
Project("{2150E333-8FDC-42A3-9474-1A3956D46DE8}") = "5.Warehouse", "5.Warehouse", "{22D41A59-D32F-4EDF-8458-483D92F3C83D}"
EndProject
Project("{FAE04EC0-301F-11D3-BF4B-00C04F79EFBC}") = "Warehouse.Settings", "Warehouses\Warehouse.Settings\Warehouse.Settings.csproj", "{FCFB22D4-AACC-4EC3-8E95-80F3F8FB1EBE}"
EndProject
Project("{FAE04EC0-301F-11D3-BF4B-00C04F79EFBC}") = "Projects.Repository", "Projects.Repository\Projects.Repository.csproj", "{A0B39A9E-3D55-4FE4-87FF-4E1B5C11444C}"
EndProject
Project("{2150E333-8FDC-42A3-9474-1A3956D46DE8}") = "6.Test", "6.Test", "{2B424D00-7BC7-4E8B-B66B-D27B3B7D7975}"
EndProject
Project("{FAE04EC0-301F-11D3-BF4B-00C04F79EFBC}") = "Warehouse.RecordProcessor", "Warehouse.RecordProcessor\Warehouse.RecordProcessor.csproj", "{28FF9C5E-9180-4C73-B5EE-D516B4D1835F}"
EndProject
Project("{FAE04EC0-301F-11D3-BF4B-00C04F79EFBC}") = "Projects.AccessUnitTest", "Projects.AccessUnitTest\Projects.AccessUnitTest.csproj", "{EA17A730-2234-4369-A42E-A51B7AB6AF39}"
EndProject
Project("{FAE04EC0-301F-11D3-BF4B-00C04F79EFBC}") = "Projects.Tool.RedisProvider", "Projects.Tool.RedisProvider\Projects.Tool.RedisProvider.csproj", "{45845BCF-0354-45BB-B12D-FD4B368FE2CB}"
EndProject
Project("{2150E333-8FDC-42A3-9474-1A3956D46DE8}") = "7.Demo", "7.Demo", "{C245A2DD-7AF9-462D-81CF-3322943F3B9A}"
EndProject
Project("{FAE04EC0-301F-11D3-BF4B-00C04F79EFBC}") = "Projects.Demo.Repository", "Projects.Demo.Repository\Projects.Demo.Repository.csproj", "{146DAA88-0FF1-47BC-814C-265CD1797FBD}"
EndProject
Project("{FAE04EC0-301F-11D3-BF4B-00C04F79EFBC}") = "Projects.Demo.Business", "Projects.Demo.Business\Projects.Demo.Business.csproj", "{CCA493D4-9D6D-4B89-B24F-358DFDF68D24}"
EndProject
Project("{FAE04EC0-301F-11D3-BF4B-00C04F79EFBC}") = "WebTester", "WebTester\WebTester.csproj", "{05AB0CD6-7DCA-4263-B6D7-89BFAA81DC02}"
EndProject
Global
	GlobalSection(SolutionConfigurationPlatforms) = preSolution
		Debug|Any CPU = Debug|Any CPU
		Release|Any CPU = Release|Any CPU
		SimpleDebug|Any CPU = SimpleDebug|Any CPU
		WebAppSubfield|Any CPU = WebAppSubfield|Any CPU
	EndGlobalSection
	GlobalSection(ProjectConfigurationPlatforms) = postSolution
		{188AABA2-82FD-4899-B537-4D49E80ABE0C}.Debug|Any CPU.ActiveCfg = Debug|Any CPU
		{188AABA2-82FD-4899-B537-4D49E80ABE0C}.Debug|Any CPU.Build.0 = Debug|Any CPU
		{188AABA2-82FD-4899-B537-4D49E80ABE0C}.Release|Any CPU.ActiveCfg = Release|Any CPU
		{188AABA2-82FD-4899-B537-4D49E80ABE0C}.Release|Any CPU.Build.0 = Release|Any CPU
		{188AABA2-82FD-4899-B537-4D49E80ABE0C}.SimpleDebug|Any CPU.ActiveCfg = SimpleDebug|Any CPU
		{188AABA2-82FD-4899-B537-4D49E80ABE0C}.SimpleDebug|Any CPU.Build.0 = SimpleDebug|Any CPU
		{188AABA2-82FD-4899-B537-4D49E80ABE0C}.WebAppSubfield|Any CPU.ActiveCfg = WebAppSubfield|Any CPU
		{188AABA2-82FD-4899-B537-4D49E80ABE0C}.WebAppSubfield|Any CPU.Build.0 = WebAppSubfield|Any CPU
		{63BC8A7D-9A63-4C8A-A094-0EF8A1B651D6}.Debug|Any CPU.ActiveCfg = Debug|Any CPU
		{63BC8A7D-9A63-4C8A-A094-0EF8A1B651D6}.Debug|Any CPU.Build.0 = Debug|Any CPU
		{63BC8A7D-9A63-4C8A-A094-0EF8A1B651D6}.Release|Any CPU.ActiveCfg = Release|Any CPU
		{63BC8A7D-9A63-4C8A-A094-0EF8A1B651D6}.Release|Any CPU.Build.0 = Release|Any CPU
		{63BC8A7D-9A63-4C8A-A094-0EF8A1B651D6}.SimpleDebug|Any CPU.ActiveCfg = Debug|Any CPU
		{63BC8A7D-9A63-4C8A-A094-0EF8A1B651D6}.SimpleDebug|Any CPU.Build.0 = Debug|Any CPU
		{63BC8A7D-9A63-4C8A-A094-0EF8A1B651D6}.WebAppSubfield|Any CPU.ActiveCfg = Release|Any CPU
		{63BC8A7D-9A63-4C8A-A094-0EF8A1B651D6}.WebAppSubfield|Any CPU.Build.0 = Release|Any CPU
		{0352CD0D-6487-45F2-AC4B-D566B8001631}.Debug|Any CPU.ActiveCfg = Debug|Any CPU
		{0352CD0D-6487-45F2-AC4B-D566B8001631}.Debug|Any CPU.Build.0 = Debug|Any CPU
		{0352CD0D-6487-45F2-AC4B-D566B8001631}.Release|Any CPU.ActiveCfg = Release|Any CPU
		{0352CD0D-6487-45F2-AC4B-D566B8001631}.Release|Any CPU.Build.0 = Release|Any CPU
		{0352CD0D-6487-45F2-AC4B-D566B8001631}.SimpleDebug|Any CPU.ActiveCfg = Debug|Any CPU
		{0352CD0D-6487-45F2-AC4B-D566B8001631}.SimpleDebug|Any CPU.Build.0 = Debug|Any CPU
		{0352CD0D-6487-45F2-AC4B-D566B8001631}.WebAppSubfield|Any CPU.ActiveCfg = Release|Any CPU
		{0352CD0D-6487-45F2-AC4B-D566B8001631}.WebAppSubfield|Any CPU.Build.0 = Release|Any CPU
		{15C80E60-2717-4BB0-8A35-A41A833E1C91}.Debug|Any CPU.ActiveCfg = Debug|Any CPU
		{15C80E60-2717-4BB0-8A35-A41A833E1C91}.Debug|Any CPU.Build.0 = Debug|Any CPU
		{15C80E60-2717-4BB0-8A35-A41A833E1C91}.Release|Any CPU.ActiveCfg = Release|Any CPU
		{15C80E60-2717-4BB0-8A35-A41A833E1C91}.Release|Any CPU.Build.0 = Release|Any CPU
		{15C80E60-2717-4BB0-8A35-A41A833E1C91}.SimpleDebug|Any CPU.ActiveCfg = Debug|Any CPU
		{15C80E60-2717-4BB0-8A35-A41A833E1C91}.SimpleDebug|Any CPU.Build.0 = Debug|Any CPU
		{15C80E60-2717-4BB0-8A35-A41A833E1C91}.WebAppSubfield|Any CPU.ActiveCfg = Release|Any CPU
		{15C80E60-2717-4BB0-8A35-A41A833E1C91}.WebAppSubfield|Any CPU.Build.0 = Release|Any CPU
		{C6A6AEE8-A78E-48AE-9E9F-C8354456D84B}.Debug|Any CPU.ActiveCfg = Debug|Any CPU
		{C6A6AEE8-A78E-48AE-9E9F-C8354456D84B}.Debug|Any CPU.Build.0 = Debug|Any CPU
		{C6A6AEE8-A78E-48AE-9E9F-C8354456D84B}.Release|Any CPU.ActiveCfg = Release|Any CPU
		{C6A6AEE8-A78E-48AE-9E9F-C8354456D84B}.Release|Any CPU.Build.0 = Release|Any CPU
		{C6A6AEE8-A78E-48AE-9E9F-C8354456D84B}.SimpleDebug|Any CPU.ActiveCfg = SimpleDebug|Any CPU
		{C6A6AEE8-A78E-48AE-9E9F-C8354456D84B}.SimpleDebug|Any CPU.Build.0 = SimpleDebug|Any CPU
		{C6A6AEE8-A78E-48AE-9E9F-C8354456D84B}.WebAppSubfield|Any CPU.ActiveCfg = WebAppSubfield|Any CPU
		{C6A6AEE8-A78E-48AE-9E9F-C8354456D84B}.WebAppSubfield|Any CPU.Build.0 = WebAppSubfield|Any CPU
		{59D3663C-CC15-4660-A931-6CC05EE5A4BC}.Debug|Any CPU.ActiveCfg = Debug|Any CPU
		{59D3663C-CC15-4660-A931-6CC05EE5A4BC}.Debug|Any CPU.Build.0 = Debug|Any CPU
		{59D3663C-CC15-4660-A931-6CC05EE5A4BC}.Release|Any CPU.ActiveCfg = Release|Any CPU
		{59D3663C-CC15-4660-A931-6CC05EE5A4BC}.Release|Any CPU.Build.0 = Release|Any CPU
		{59D3663C-CC15-4660-A931-6CC05EE5A4BC}.SimpleDebug|Any CPU.ActiveCfg = Debug|Any CPU
		{59D3663C-CC15-4660-A931-6CC05EE5A4BC}.SimpleDebug|Any CPU.Build.0 = Debug|Any CPU
		{59D3663C-CC15-4660-A931-6CC05EE5A4BC}.WebAppSubfield|Any CPU.ActiveCfg = Release|Any CPU
		{59D3663C-CC15-4660-A931-6CC05EE5A4BC}.WebAppSubfield|Any CPU.Build.0 = Release|Any CPU
		{92646163-5C72-493B-A816-6E45B6DEFF9D}.Debug|Any CPU.ActiveCfg = Debug|Any CPU
		{92646163-5C72-493B-A816-6E45B6DEFF9D}.Debug|Any CPU.Build.0 = Debug|Any CPU
		{92646163-5C72-493B-A816-6E45B6DEFF9D}.Release|Any CPU.ActiveCfg = Release|Any CPU
		{92646163-5C72-493B-A816-6E45B6DEFF9D}.Release|Any CPU.Build.0 = Release|Any CPU
		{92646163-5C72-493B-A816-6E45B6DEFF9D}.SimpleDebug|Any CPU.ActiveCfg = Debug|Any CPU
		{92646163-5C72-493B-A816-6E45B6DEFF9D}.SimpleDebug|Any CPU.Build.0 = Debug|Any CPU
		{92646163-5C72-493B-A816-6E45B6DEFF9D}.WebAppSubfield|Any CPU.ActiveCfg = Release|Any CPU
		{92646163-5C72-493B-A816-6E45B6DEFF9D}.WebAppSubfield|Any CPU.Build.0 = Release|Any CPU
		{C8CB12EF-B56A-4D46-8B58-96D7AA7A8A93}.Debug|Any CPU.ActiveCfg = Debug|Any CPU
		{C8CB12EF-B56A-4D46-8B58-96D7AA7A8A93}.Debug|Any CPU.Build.0 = Debug|Any CPU
		{C8CB12EF-B56A-4D46-8B58-96D7AA7A8A93}.Release|Any CPU.ActiveCfg = Release|Any CPU
		{C8CB12EF-B56A-4D46-8B58-96D7AA7A8A93}.Release|Any CPU.Build.0 = Release|Any CPU
		{C8CB12EF-B56A-4D46-8B58-96D7AA7A8A93}.SimpleDebug|Any CPU.ActiveCfg = Debug|Any CPU
		{C8CB12EF-B56A-4D46-8B58-96D7AA7A8A93}.SimpleDebug|Any CPU.Build.0 = Debug|Any CPU
		{C8CB12EF-B56A-4D46-8B58-96D7AA7A8A93}.WebAppSubfield|Any CPU.ActiveCfg = Release|Any CPU
		{C8CB12EF-B56A-4D46-8B58-96D7AA7A8A93}.WebAppSubfield|Any CPU.Build.0 = Release|Any CPU
		{6F777998-863C-4F94-B578-099C54590B45}.Debug|Any CPU.ActiveCfg = Debug|Any CPU
		{6F777998-863C-4F94-B578-099C54590B45}.Debug|Any CPU.Build.0 = Debug|Any CPU
		{6F777998-863C-4F94-B578-099C54590B45}.Release|Any CPU.ActiveCfg = Release|Any CPU
		{6F777998-863C-4F94-B578-099C54590B45}.Release|Any CPU.Build.0 = Release|Any CPU
		{6F777998-863C-4F94-B578-099C54590B45}.SimpleDebug|Any CPU.ActiveCfg = Debug|Any CPU
		{6F777998-863C-4F94-B578-099C54590B45}.SimpleDebug|Any CPU.Build.0 = Debug|Any CPU
		{6F777998-863C-4F94-B578-099C54590B45}.WebAppSubfield|Any CPU.ActiveCfg = Release|Any CPU
		{6F777998-863C-4F94-B578-099C54590B45}.WebAppSubfield|Any CPU.Build.0 = Release|Any CPU
		{600CBFEC-4F21-4CB1-9E7C-CC28309E8525}.Debug|Any CPU.ActiveCfg = Debug|Any CPU
		{600CBFEC-4F21-4CB1-9E7C-CC28309E8525}.Debug|Any CPU.Build.0 = Debug|Any CPU
		{600CBFEC-4F21-4CB1-9E7C-CC28309E8525}.Release|Any CPU.ActiveCfg = Release|Any CPU
		{600CBFEC-4F21-4CB1-9E7C-CC28309E8525}.Release|Any CPU.Build.0 = Release|Any CPU
		{600CBFEC-4F21-4CB1-9E7C-CC28309E8525}.SimpleDebug|Any CPU.ActiveCfg = Debug|Any CPU
		{600CBFEC-4F21-4CB1-9E7C-CC28309E8525}.SimpleDebug|Any CPU.Build.0 = Debug|Any CPU
		{600CBFEC-4F21-4CB1-9E7C-CC28309E8525}.WebAppSubfield|Any CPU.ActiveCfg = Release|Any CPU
		{600CBFEC-4F21-4CB1-9E7C-CC28309E8525}.WebAppSubfield|Any CPU.Build.0 = Release|Any CPU
		{EF4FF961-EB7B-4CAF-AA2D-46444D263F4B}.Debug|Any CPU.ActiveCfg = Debug|Any CPU
		{EF4FF961-EB7B-4CAF-AA2D-46444D263F4B}.Debug|Any CPU.Build.0 = Debug|Any CPU
		{EF4FF961-EB7B-4CAF-AA2D-46444D263F4B}.Release|Any CPU.ActiveCfg = Release|Any CPU
		{EF4FF961-EB7B-4CAF-AA2D-46444D263F4B}.Release|Any CPU.Build.0 = Release|Any CPU
		{EF4FF961-EB7B-4CAF-AA2D-46444D263F4B}.SimpleDebug|Any CPU.ActiveCfg = Debug|Any CPU
		{EF4FF961-EB7B-4CAF-AA2D-46444D263F4B}.SimpleDebug|Any CPU.Build.0 = Debug|Any CPU
		{EF4FF961-EB7B-4CAF-AA2D-46444D263F4B}.WebAppSubfield|Any CPU.ActiveCfg = Release|Any CPU
		{EF4FF961-EB7B-4CAF-AA2D-46444D263F4B}.WebAppSubfield|Any CPU.Build.0 = Release|Any CPU
		{6AE81496-C67F-4B0C-86A9-3D44CA5CF600}.Debug|Any CPU.ActiveCfg = Debug|Any CPU
		{6AE81496-C67F-4B0C-86A9-3D44CA5CF600}.Debug|Any CPU.Build.0 = Debug|Any CPU
		{6AE81496-C67F-4B0C-86A9-3D44CA5CF600}.Release|Any CPU.ActiveCfg = Release|Any CPU
		{6AE81496-C67F-4B0C-86A9-3D44CA5CF600}.Release|Any CPU.Build.0 = Release|Any CPU
		{6AE81496-C67F-4B0C-86A9-3D44CA5CF600}.SimpleDebug|Any CPU.ActiveCfg = Debug|Any CPU
		{6AE81496-C67F-4B0C-86A9-3D44CA5CF600}.SimpleDebug|Any CPU.Build.0 = Debug|Any CPU
		{6AE81496-C67F-4B0C-86A9-3D44CA5CF600}.WebAppSubfield|Any CPU.ActiveCfg = Release|Any CPU
		{6AE81496-C67F-4B0C-86A9-3D44CA5CF600}.WebAppSubfield|Any CPU.Build.0 = Release|Any CPU
		{554CA3D0-41A6-4E70-9F43-6688D6162CD5}.Debug|Any CPU.ActiveCfg = Debug|Any CPU
		{554CA3D0-41A6-4E70-9F43-6688D6162CD5}.Debug|Any CPU.Build.0 = Debug|Any CPU
		{554CA3D0-41A6-4E70-9F43-6688D6162CD5}.Release|Any CPU.ActiveCfg = Release|Any CPU
		{554CA3D0-41A6-4E70-9F43-6688D6162CD5}.Release|Any CPU.Build.0 = Release|Any CPU
		{554CA3D0-41A6-4E70-9F43-6688D6162CD5}.SimpleDebug|Any CPU.ActiveCfg = Debug|Any CPU
		{554CA3D0-41A6-4E70-9F43-6688D6162CD5}.SimpleDebug|Any CPU.Build.0 = Debug|Any CPU
		{554CA3D0-41A6-4E70-9F43-6688D6162CD5}.WebAppSubfield|Any CPU.ActiveCfg = Release|Any CPU
		{554CA3D0-41A6-4E70-9F43-6688D6162CD5}.WebAppSubfield|Any CPU.Build.0 = Release|Any CPU
		{109F6C54-1FAC-49A5-90B7-4612C4D82953}.Debug|Any CPU.ActiveCfg = Debug|Any CPU
		{109F6C54-1FAC-49A5-90B7-4612C4D82953}.Debug|Any CPU.Build.0 = Debug|Any CPU
		{109F6C54-1FAC-49A5-90B7-4612C4D82953}.Release|Any CPU.ActiveCfg = Release|Any CPU
		{109F6C54-1FAC-49A5-90B7-4612C4D82953}.Release|Any CPU.Build.0 = Release|Any CPU
		{109F6C54-1FAC-49A5-90B7-4612C4D82953}.SimpleDebug|Any CPU.ActiveCfg = Debug|Any CPU
		{109F6C54-1FAC-49A5-90B7-4612C4D82953}.SimpleDebug|Any CPU.Build.0 = Debug|Any CPU
		{109F6C54-1FAC-49A5-90B7-4612C4D82953}.WebAppSubfield|Any CPU.ActiveCfg = Release|Any CPU
		{109F6C54-1FAC-49A5-90B7-4612C4D82953}.WebAppSubfield|Any CPU.Build.0 = Release|Any CPU
		{FCFB22D4-AACC-4EC3-8E95-80F3F8FB1EBE}.Debug|Any CPU.ActiveCfg = Debug|Any CPU
		{FCFB22D4-AACC-4EC3-8E95-80F3F8FB1EBE}.Debug|Any CPU.Build.0 = Debug|Any CPU
		{FCFB22D4-AACC-4EC3-8E95-80F3F8FB1EBE}.Release|Any CPU.ActiveCfg = Release|Any CPU
		{FCFB22D4-AACC-4EC3-8E95-80F3F8FB1EBE}.Release|Any CPU.Build.0 = Release|Any CPU
		{FCFB22D4-AACC-4EC3-8E95-80F3F8FB1EBE}.SimpleDebug|Any CPU.ActiveCfg = Debug|Any CPU
		{FCFB22D4-AACC-4EC3-8E95-80F3F8FB1EBE}.SimpleDebug|Any CPU.Build.0 = Debug|Any CPU
		{FCFB22D4-AACC-4EC3-8E95-80F3F8FB1EBE}.WebAppSubfield|Any CPU.ActiveCfg = Release|Any CPU
		{FCFB22D4-AACC-4EC3-8E95-80F3F8FB1EBE}.WebAppSubfield|Any CPU.Build.0 = Release|Any CPU
		{A0B39A9E-3D55-4FE4-87FF-4E1B5C11444C}.Debug|Any CPU.ActiveCfg = Debug|Any CPU
		{A0B39A9E-3D55-4FE4-87FF-4E1B5C11444C}.Debug|Any CPU.Build.0 = Debug|Any CPU
		{A0B39A9E-3D55-4FE4-87FF-4E1B5C11444C}.Release|Any CPU.ActiveCfg = Release|Any CPU
		{A0B39A9E-3D55-4FE4-87FF-4E1B5C11444C}.Release|Any CPU.Build.0 = Release|Any CPU
		{A0B39A9E-3D55-4FE4-87FF-4E1B5C11444C}.SimpleDebug|Any CPU.ActiveCfg = Debug|Any CPU
		{A0B39A9E-3D55-4FE4-87FF-4E1B5C11444C}.SimpleDebug|Any CPU.Build.0 = Debug|Any CPU
		{A0B39A9E-3D55-4FE4-87FF-4E1B5C11444C}.WebAppSubfield|Any CPU.ActiveCfg = Release|Any CPU
		{A0B39A9E-3D55-4FE4-87FF-4E1B5C11444C}.WebAppSubfield|Any CPU.Build.0 = Release|Any CPU
		{28FF9C5E-9180-4C73-B5EE-D516B4D1835F}.Debug|Any CPU.ActiveCfg = Debug|Any CPU
		{28FF9C5E-9180-4C73-B5EE-D516B4D1835F}.Debug|Any CPU.Build.0 = Debug|Any CPU
		{28FF9C5E-9180-4C73-B5EE-D516B4D1835F}.Release|Any CPU.ActiveCfg = Release|Any CPU
		{28FF9C5E-9180-4C73-B5EE-D516B4D1835F}.Release|Any CPU.Build.0 = Release|Any CPU
		{28FF9C5E-9180-4C73-B5EE-D516B4D1835F}.SimpleDebug|Any CPU.ActiveCfg = Debug|Any CPU
		{28FF9C5E-9180-4C73-B5EE-D516B4D1835F}.SimpleDebug|Any CPU.Build.0 = Debug|Any CPU
		{28FF9C5E-9180-4C73-B5EE-D516B4D1835F}.WebAppSubfield|Any CPU.ActiveCfg = Release|Any CPU
		{28FF9C5E-9180-4C73-B5EE-D516B4D1835F}.WebAppSubfield|Any CPU.Build.0 = Release|Any CPU
		{EA17A730-2234-4369-A42E-A51B7AB6AF39}.Debug|Any CPU.ActiveCfg = Debug|Any CPU
		{EA17A730-2234-4369-A42E-A51B7AB6AF39}.Debug|Any CPU.Build.0 = Debug|Any CPU
		{EA17A730-2234-4369-A42E-A51B7AB6AF39}.Release|Any CPU.ActiveCfg = Release|Any CPU
		{EA17A730-2234-4369-A42E-A51B7AB6AF39}.Release|Any CPU.Build.0 = Release|Any CPU
		{EA17A730-2234-4369-A42E-A51B7AB6AF39}.SimpleDebug|Any CPU.ActiveCfg = Debug|Any CPU
		{EA17A730-2234-4369-A42E-A51B7AB6AF39}.SimpleDebug|Any CPU.Build.0 = Debug|Any CPU
		{EA17A730-2234-4369-A42E-A51B7AB6AF39}.WebAppSubfield|Any CPU.ActiveCfg = Release|Any CPU
		{EA17A730-2234-4369-A42E-A51B7AB6AF39}.WebAppSubfield|Any CPU.Build.0 = Release|Any CPU
		{45845BCF-0354-45BB-B12D-FD4B368FE2CB}.Debug|Any CPU.ActiveCfg = Debug|Any CPU
		{45845BCF-0354-45BB-B12D-FD4B368FE2CB}.Debug|Any CPU.Build.0 = Debug|Any CPU
		{45845BCF-0354-45BB-B12D-FD4B368FE2CB}.Release|Any CPU.ActiveCfg = Release|Any CPU
		{45845BCF-0354-45BB-B12D-FD4B368FE2CB}.Release|Any CPU.Build.0 = Release|Any CPU
		{45845BCF-0354-45BB-B12D-FD4B368FE2CB}.SimpleDebug|Any CPU.ActiveCfg = Debug|Any CPU
		{45845BCF-0354-45BB-B12D-FD4B368FE2CB}.SimpleDebug|Any CPU.Build.0 = Debug|Any CPU
		{45845BCF-0354-45BB-B12D-FD4B368FE2CB}.WebAppSubfield|Any CPU.ActiveCfg = Release|Any CPU
		{45845BCF-0354-45BB-B12D-FD4B368FE2CB}.WebAppSubfield|Any CPU.Build.0 = Release|Any CPU
		{146DAA88-0FF1-47BC-814C-265CD1797FBD}.Debug|Any CPU.ActiveCfg = Debug|Any CPU
		{146DAA88-0FF1-47BC-814C-265CD1797FBD}.Debug|Any CPU.Build.0 = Debug|Any CPU
		{146DAA88-0FF1-47BC-814C-265CD1797FBD}.Release|Any CPU.ActiveCfg = Release|Any CPU
		{146DAA88-0FF1-47BC-814C-265CD1797FBD}.Release|Any CPU.Build.0 = Release|Any CPU
		{146DAA88-0FF1-47BC-814C-265CD1797FBD}.SimpleDebug|Any CPU.ActiveCfg = Debug|Any CPU
		{146DAA88-0FF1-47BC-814C-265CD1797FBD}.SimpleDebug|Any CPU.Build.0 = Debug|Any CPU
		{146DAA88-0FF1-47BC-814C-265CD1797FBD}.WebAppSubfield|Any CPU.ActiveCfg = Release|Any CPU
		{146DAA88-0FF1-47BC-814C-265CD1797FBD}.WebAppSubfield|Any CPU.Build.0 = Release|Any CPU
		{CCA493D4-9D6D-4B89-B24F-358DFDF68D24}.Debug|Any CPU.ActiveCfg = Debug|Any CPU
		{CCA493D4-9D6D-4B89-B24F-358DFDF68D24}.Debug|Any CPU.Build.0 = Debug|Any CPU
		{CCA493D4-9D6D-4B89-B24F-358DFDF68D24}.Release|Any CPU.ActiveCfg = Release|Any CPU
		{CCA493D4-9D6D-4B89-B24F-358DFDF68D24}.Release|Any CPU.Build.0 = Release|Any CPU
		{CCA493D4-9D6D-4B89-B24F-358DFDF68D24}.SimpleDebug|Any CPU.ActiveCfg = Debug|Any CPU
		{CCA493D4-9D6D-4B89-B24F-358DFDF68D24}.SimpleDebug|Any CPU.Build.0 = Debug|Any CPU
		{CCA493D4-9D6D-4B89-B24F-358DFDF68D24}.WebAppSubfield|Any CPU.ActiveCfg = Release|Any CPU
		{CCA493D4-9D6D-4B89-B24F-358DFDF68D24}.WebAppSubfield|Any CPU.Build.0 = Release|Any CPU
		{05AB0CD6-7DCA-4263-B6D7-89BFAA81DC02}.Debug|Any CPU.ActiveCfg = Debug|Any CPU
		{05AB0CD6-7DCA-4263-B6D7-89BFAA81DC02}.Debug|Any CPU.Build.0 = Debug|Any CPU
		{05AB0CD6-7DCA-4263-B6D7-89BFAA81DC02}.Release|Any CPU.ActiveCfg = Release|Any CPU
		{05AB0CD6-7DCA-4263-B6D7-89BFAA81DC02}.Release|Any CPU.Build.0 = Release|Any CPU
		{05AB0CD6-7DCA-4263-B6D7-89BFAA81DC02}.SimpleDebug|Any CPU.ActiveCfg = Debug|Any CPU
		{05AB0CD6-7DCA-4263-B6D7-89BFAA81DC02}.SimpleDebug|Any CPU.Build.0 = Debug|Any CPU
		{05AB0CD6-7DCA-4263-B6D7-89BFAA81DC02}.WebAppSubfield|Any CPU.ActiveCfg = Release|Any CPU
		{05AB0CD6-7DCA-4263-B6D7-89BFAA81DC02}.WebAppSubfield|Any CPU.Build.0 = Release|Any CPU
	EndGlobalSection
	GlobalSection(SolutionProperties) = preSolution
		HideSolutionNode = FALSE
	EndGlobalSection
	GlobalSection(NestedProjects) = preSolution
		{6F777998-863C-4F94-B578-099C54590B45} = {A76C0542-826A-4278-8798-62C80BD19FB4}
		{600CBFEC-4F21-4CB1-9E7C-CC28309E8525} = {A76C0542-826A-4278-8798-62C80BD19FB4}
		{188AABA2-82FD-4899-B537-4D49E80ABE0C} = {A76C0542-826A-4278-8798-62C80BD19FB4}
		{45845BCF-0354-45BB-B12D-FD4B368FE2CB} = {A76C0542-826A-4278-8798-62C80BD19FB4}
		{63BC8A7D-9A63-4C8A-A094-0EF8A1B651D6} = {74B0CB81-685F-4B6B-B057-673865DB3734}
		{A0B39A9E-3D55-4FE4-87FF-4E1B5C11444C} = {74B0CB81-685F-4B6B-B057-673865DB3734}
		{EA17A730-2234-4369-A42E-A51B7AB6AF39} = {74B0CB81-685F-4B6B-B057-673865DB3734}
		{C6A6AEE8-A78E-48AE-9E9F-C8354456D84B} = {06F203D4-BD28-48FB-835A-6EE9636A4368}
		{0352CD0D-6487-45F2-AC4B-D566B8001631} = {06F203D4-BD28-48FB-835A-6EE9636A4368}
		{59D3663C-CC15-4660-A931-6CC05EE5A4BC} = {FE0DB9C1-431F-456B-BDFB-D9E95AA62CE7}
		{92646163-5C72-493B-A816-6E45B6DEFF9D} = {FE0DB9C1-431F-456B-BDFB-D9E95AA62CE7}
		{C8CB12EF-B56A-4D46-8B58-96D7AA7A8A93} = {FE0DB9C1-431F-456B-BDFB-D9E95AA62CE7}
		{15C80E60-2717-4BB0-8A35-A41A833E1C91} = {FE0DB9C1-431F-456B-BDFB-D9E95AA62CE7}
		{554CA3D0-41A6-4E70-9F43-6688D6162CD5} = {22D41A59-D32F-4EDF-8458-483D92F3C83D}
		{109F6C54-1FAC-49A5-90B7-4612C4D82953} = {22D41A59-D32F-4EDF-8458-483D92F3C83D}
		{EF4FF961-EB7B-4CAF-AA2D-46444D263F4B} = {22D41A59-D32F-4EDF-8458-483D92F3C83D}
		{FCFB22D4-AACC-4EC3-8E95-80F3F8FB1EBE} = {22D41A59-D32F-4EDF-8458-483D92F3C83D}
		{6AE81496-C67F-4B0C-86A9-3D44CA5CF600} = {B9205794-6E1E-443E-BDBB-1AC7FBE60462}
		{28FF9C5E-9180-4C73-B5EE-D516B4D1835F} = {2B424D00-7BC7-4E8B-B66B-D27B3B7D7975}
		{146DAA88-0FF1-47BC-814C-265CD1797FBD} = {C245A2DD-7AF9-462D-81CF-3322943F3B9A}
		{CCA493D4-9D6D-4B89-B24F-358DFDF68D24} = {C245A2DD-7AF9-462D-81CF-3322943F3B9A}
		{05AB0CD6-7DCA-4263-B6D7-89BFAA81DC02} = {C245A2DD-7AF9-462D-81CF-3322943F3B9A}
	EndGlobalSection
EndGlobal
