
Microsoft Visual Studio Solution File, Format Version 12.00
# Visual Studio 2012
Project("{FAE04EC0-301F-11D3-BF4B-00C04F79EFBC}") = "Avalon.Utility", "Avalon.Utility\Avalon.Utility.csproj", "{78FC7BA4-BCF2-4E90-A185-DEC2FD16B2A7}"
EndProject
Project("{FAE04EC0-301F-11D3-BF4B-00C04F79EFBC}") = "Avalon.Framework", "Avalon.Framework\Avalon.Framework.csproj", "{2D80CD45-97FE-41AA-B95E-250490E76DAE}"
EndProject
Project("{FAE04EC0-301F-11D3-BF4B-00C04F79EFBC}") = "Avalon.OAuth", "Avalon.OAuth\Avalon.OAuth.csproj", "{146DBD8B-0114-43C8-856C-55C59A29E34A}"
EndProject
Project("{FAE04EC0-301F-11D3-BF4B-00C04F79EFBC}") = "Avalon.Access", "Avalon.Access\Avalon.Access.csproj", "{3BBD32C7-641A-418B-A47F-68884B8FF6A0}"
EndProject
Project("{FAE04EC0-301F-11D3-BF4B-00C04F79EFBC}") = "Avalon.Repository", "Avalon.Repository\Avalon.Repository.csproj", "{5E917D8E-F096-4E78-A836-830557586CD7}"
EndProject
Project("{FAE04EC0-301F-11D3-BF4B-00C04F79EFBC}") = "Avalon.Cache", "Avalon.Cache\Avalon.Cache.csproj", "{5C1BD726-CA74-4201-AEDB-B1350AB9972C}"
EndProject
Project("{FAE04EC0-301F-11D3-BF4B-00C04F79EFBC}") = "Avalon.Profiler", "Avalon.Profiler\Avalon.Profiler.csproj", "{615883DD-8819-41AD-A4EF-42757BEEDDD2}"
EndProject
Project("{FAE04EC0-301F-11D3-BF4B-00C04F79EFBC}") = "Avalon.HttpClient", "Avalon.HttpClient\Avalon.HttpClient.csproj", "{D58262F4-C36D-4F22-86C0-FD7460980C27}"
EndProject
Project("{FAE04EC0-301F-11D3-BF4B-00C04F79EFBC}") = "Avalon.Purview", "Avalon.Purview\Avalon.Purview.csproj", "{9AAE3590-23AE-468B-920E-0FD2AE41D4DC}"
EndProject
Project("{FAE04EC0-301F-11D3-BF4B-00C04F79EFBC}") = "Avalon.UCenter", "Avalon.UCenter\Avalon.UCenter.csproj", "{49466C35-9C3A-4FCF-86A0-EC9064A70800}"
EndProject
Project("{FAE04EC0-301F-11D3-BF4B-00C04F79EFBC}") = "Avalon.WebUtility", "Avalon.WebUtility\Avalon.WebUtility.csproj", "{B5F6ACFE-D8B7-4324-B071-ADE963FEEA4B}"
EndProject
Project("{FAE04EC0-301F-11D3-BF4B-00C04F79EFBC}") = "Avalon.OAuthClient", "Avalon.OAuthClient\Avalon.OAuthClient.csproj", "{C734B26A-1439-4446-973E-6C17142D9646}"
EndProject
Project("{FAE04EC0-301F-11D3-BF4B-00C04F79EFBC}") = "Avalon.Repository.OAuth", "Avalon.Repository.OAuth\Avalon.Repository.OAuth.csproj", "{DD614591-5407-4FA1-9978-EC7348EA508F}"
EndProject
Global
	GlobalSection(SolutionConfigurationPlatforms) = preSolution
		Debug|Any CPU = Debug|Any CPU
		Release|Any CPU = Release|Any CPU
	EndGlobalSection
	GlobalSection(ProjectConfigurationPlatforms) = postSolution
		{78FC7BA4-BCF2-4E90-A185-DEC2FD16B2A7}.Debug|Any CPU.ActiveCfg = Debug|Any CPU
		{78FC7BA4-BCF2-4E90-A185-DEC2FD16B2A7}.Debug|Any CPU.Build.0 = Debug|Any CPU
		{78FC7BA4-BCF2-4E90-A185-DEC2FD16B2A7}.Release|Any CPU.ActiveCfg = Release|Any CPU
		{78FC7BA4-BCF2-4E90-A185-DEC2FD16B2A7}.Release|Any CPU.Build.0 = Release|Any CPU
		{2D80CD45-97FE-41AA-B95E-250490E76DAE}.Debug|Any CPU.ActiveCfg = Debug|Any CPU
		{2D80CD45-97FE-41AA-B95E-250490E76DAE}.Debug|Any CPU.Build.0 = Debug|Any CPU
		{2D80CD45-97FE-41AA-B95E-250490E76DAE}.Release|Any CPU.ActiveCfg = Release|Any CPU
		{2D80CD45-97FE-41AA-B95E-250490E76DAE}.Release|Any CPU.Build.0 = Release|Any CPU
		{146DBD8B-0114-43C8-856C-55C59A29E34A}.Debug|Any CPU.ActiveCfg = Debug|Any CPU
		{146DBD8B-0114-43C8-856C-55C59A29E34A}.Debug|Any CPU.Build.0 = Debug|Any CPU
		{146DBD8B-0114-43C8-856C-55C59A29E34A}.Release|Any CPU.ActiveCfg = Release|Any CPU
		{146DBD8B-0114-43C8-856C-55C59A29E34A}.Release|Any CPU.Build.0 = Release|Any CPU
		{3BBD32C7-641A-418B-A47F-68884B8FF6A0}.Debug|Any CPU.ActiveCfg = Debug|Any CPU
		{3BBD32C7-641A-418B-A47F-68884B8FF6A0}.Debug|Any CPU.Build.0 = Debug|Any CPU
		{3BBD32C7-641A-418B-A47F-68884B8FF6A0}.Release|Any CPU.ActiveCfg = Release|Any CPU
		{3BBD32C7-641A-418B-A47F-68884B8FF6A0}.Release|Any CPU.Build.0 = Release|Any CPU
		{5E917D8E-F096-4E78-A836-830557586CD7}.Debug|Any CPU.ActiveCfg = Debug|Any CPU
		{5E917D8E-F096-4E78-A836-830557586CD7}.Debug|Any CPU.Build.0 = Debug|Any CPU
		{5E917D8E-F096-4E78-A836-830557586CD7}.Release|Any CPU.ActiveCfg = Release|Any CPU
		{5E917D8E-F096-4E78-A836-830557586CD7}.Release|Any CPU.Build.0 = Release|Any CPU
		{5C1BD726-CA74-4201-AEDB-B1350AB9972C}.Debug|Any CPU.ActiveCfg = Debug|Any CPU
		{5C1BD726-CA74-4201-AEDB-B1350AB9972C}.Debug|Any CPU.Build.0 = Debug|Any CPU
		{5C1BD726-CA74-4201-AEDB-B1350AB9972C}.Release|Any CPU.ActiveCfg = Release|Any CPU
		{5C1BD726-CA74-4201-AEDB-B1350AB9972C}.Release|Any CPU.Build.0 = Release|Any CPU
		{615883DD-8819-41AD-A4EF-42757BEEDDD2}.Debug|Any CPU.ActiveCfg = Debug|Any CPU
		{615883DD-8819-41AD-A4EF-42757BEEDDD2}.Debug|Any CPU.Build.0 = Debug|Any CPU
		{615883DD-8819-41AD-A4EF-42757BEEDDD2}.Release|Any CPU.ActiveCfg = Release|Any CPU
		{615883DD-8819-41AD-A4EF-42757BEEDDD2}.Release|Any CPU.Build.0 = Release|Any CPU
		{D58262F4-C36D-4F22-86C0-FD7460980C27}.Debug|Any CPU.ActiveCfg = Debug|Any CPU
		{D58262F4-C36D-4F22-86C0-FD7460980C27}.Debug|Any CPU.Build.0 = Debug|Any CPU
		{D58262F4-C36D-4F22-86C0-FD7460980C27}.Release|Any CPU.ActiveCfg = Release|Any CPU
		{D58262F4-C36D-4F22-86C0-FD7460980C27}.Release|Any CPU.Build.0 = Release|Any CPU
		{9AAE3590-23AE-468B-920E-0FD2AE41D4DC}.Debug|Any CPU.ActiveCfg = Debug|Any CPU
		{9AAE3590-23AE-468B-920E-0FD2AE41D4DC}.Debug|Any CPU.Build.0 = Debug|Any CPU
		{9AAE3590-23AE-468B-920E-0FD2AE41D4DC}.Release|Any CPU.ActiveCfg = Release|Any CPU
		{9AAE3590-23AE-468B-920E-0FD2AE41D4DC}.Release|Any CPU.Build.0 = Release|Any CPU
		{49466C35-9C3A-4FCF-86A0-EC9064A70800}.Debug|Any CPU.ActiveCfg = Debug|Any CPU
		{49466C35-9C3A-4FCF-86A0-EC9064A70800}.Debug|Any CPU.Build.0 = Debug|Any CPU
		{49466C35-9C3A-4FCF-86A0-EC9064A70800}.Release|Any CPU.ActiveCfg = Release|Any CPU
		{49466C35-9C3A-4FCF-86A0-EC9064A70800}.Release|Any CPU.Build.0 = Release|Any CPU
		{B5F6ACFE-D8B7-4324-B071-ADE963FEEA4B}.Debug|Any CPU.ActiveCfg = Debug|Any CPU
		{B5F6ACFE-D8B7-4324-B071-ADE963FEEA4B}.Debug|Any CPU.Build.0 = Debug|Any CPU
		{B5F6ACFE-D8B7-4324-B071-ADE963FEEA4B}.Release|Any CPU.ActiveCfg = Release|Any CPU
		{B5F6ACFE-D8B7-4324-B071-ADE963FEEA4B}.Release|Any CPU.Build.0 = Release|Any CPU
		{C734B26A-1439-4446-973E-6C17142D9646}.Debug|Any CPU.ActiveCfg = Debug|Any CPU
		{C734B26A-1439-4446-973E-6C17142D9646}.Debug|Any CPU.Build.0 = Debug|Any CPU
		{C734B26A-1439-4446-973E-6C17142D9646}.Release|Any CPU.ActiveCfg = Release|Any CPU
		{C734B26A-1439-4446-973E-6C17142D9646}.Release|Any CPU.Build.0 = Release|Any CPU
		{DD614591-5407-4FA1-9978-EC7348EA508F}.Debug|Any CPU.ActiveCfg = Debug|Any CPU
		{DD614591-5407-4FA1-9978-EC7348EA508F}.Debug|Any CPU.Build.0 = Debug|Any CPU
		{DD614591-5407-4FA1-9978-EC7348EA508F}.Release|Any CPU.ActiveCfg = Release|Any CPU
		{DD614591-5407-4FA1-9978-EC7348EA508F}.Release|Any CPU.Build.0 = Release|Any CPU
	EndGlobalSection
	GlobalSection(SolutionProperties) = preSolution
		HideSolutionNode = FALSE
	EndGlobalSection
EndGlobal
